// !$*UTF8*$!
{
	archiveVersion = 1;
	classes = {
	};
	objectVersion = 56;
	objects = {

/* Begin PBXBuildFile section */
		5D36FB68296D8D3E00D888CC /* FeelJournalTests.swift in Sources */ = {isa = PBXBuildFile; fileRef = 5D36FB67296D8D3E00D888CC /* FeelJournalTests.swift */; };
		5D47AB71290441E700B779A2 /* FeelJournalApp.swift in Sources */ = {isa = PBXBuildFile; fileRef = 5D47AB70290441E700B779A2 /* FeelJournalApp.swift */; };
		5D47AB73290441E700B779A2 /* RootView.swift in Sources */ = {isa = PBXBuildFile; fileRef = 5D47AB72290441E700B779A2 /* RootView.swift */; };
		5D47AB75290441EB00B779A2 /* Assets.xcassets in Resources */ = {isa = PBXBuildFile; fileRef = 5D47AB74290441EB00B779A2 /* Assets.xcassets */; };
		5D47AB78290441EB00B779A2 /* Preview Assets.xcassets in Resources */ = {isa = PBXBuildFile; fileRef = 5D47AB77290441EB00B779A2 /* Preview Assets.xcassets */; };
		5D47AB822904F0FD00B779A2 /* HomeView.swift in Sources */ = {isa = PBXBuildFile; fileRef = 5D47AB812904F0FD00B779A2 /* HomeView.swift */; };
		5D47AB842904F11100B779A2 /* HomePresenter.swift in Sources */ = {isa = PBXBuildFile; fileRef = 5D47AB832904F11100B779A2 /* HomePresenter.swift */; };
		5D47AB892904F25800B779A2 /* AddJournalView.swift in Sources */ = {isa = PBXBuildFile; fileRef = 5D47AB882904F25800B779A2 /* AddJournalView.swift */; };
		5D47AB8B2904F26500B779A2 /* AddJournalPresenter.swift in Sources */ = {isa = PBXBuildFile; fileRef = 5D47AB8A2904F26500B779A2 /* AddJournalPresenter.swift */; };
		5D47AB8F2904F29600B779A2 /* AnalyticsView.swift in Sources */ = {isa = PBXBuildFile; fileRef = 5D47AB8E2904F29600B779A2 /* AnalyticsView.swift */; };
		5D47AB912904F2A400B779A2 /* AnalyticsPresenter.swift in Sources */ = {isa = PBXBuildFile; fileRef = 5D47AB902904F2A400B779A2 /* AnalyticsPresenter.swift */; };
		5D7013C929A2202300C5E1B7 /* NavigationController.swift in Sources */ = {isa = PBXBuildFile; fileRef = 5D7013C829A2202300C5E1B7 /* NavigationController.swift */; };
		5D791C28297449720086032A /* .swiftlint.yml in Resources */ = {isa = PBXBuildFile; fileRef = 5D791C27297449720086032A /* .swiftlint.yml */; };
		5D9E524E2979049600335294 /* Path.swift in Sources */ = {isa = PBXBuildFile; fileRef = 5D9E524D2979049600335294 /* Path.swift */; };
		5D9E5250297904B500335294 /* ViewRouter.swift in Sources */ = {isa = PBXBuildFile; fileRef = 5D9E524F297904B500335294 /* ViewRouter.swift */; };
		5D9E52542979072200335294 /* Provider.swift in Sources */ = {isa = PBXBuildFile; fileRef = 5D9E52532979072200335294 /* Provider.swift */; };
		5D9E5257297907EA00335294 /* Realm in Frameworks */ = {isa = PBXBuildFile; productRef = 5D9E5256297907EA00335294 /* Realm */; };
		5D9E5259297907EA00335294 /* RealmSwift in Frameworks */ = {isa = PBXBuildFile; productRef = 5D9E5258297907EA00335294 /* RealmSwift */; };
		5D9E525B2979087100335294 /* HomeInteractor.swift in Sources */ = {isa = PBXBuildFile; fileRef = 5D9E525A2979087100335294 /* HomeInteractor.swift */; };
		5D9E525D29790B7000335294 /* FeelJournalRepository.swift in Sources */ = {isa = PBXBuildFile; fileRef = 5D9E525C29790B7000335294 /* FeelJournalRepository.swift */; };
		5D9E526029790B9B00335294 /* LocaleDataSource.swift in Sources */ = {isa = PBXBuildFile; fileRef = 5D9E525F29790B9B00335294 /* LocaleDataSource.swift */; };
		5D9E526329790C1F00335294 /* JournalEntity.swift in Sources */ = {isa = PBXBuildFile; fileRef = 5D9E526229790C1F00335294 /* JournalEntity.swift */; };
		5D9E526729790D7300335294 /* CustomErrorExtension.swift in Sources */ = {isa = PBXBuildFile; fileRef = 5D9E526629790D7300335294 /* CustomErrorExtension.swift */; };
		5D9E526929790DA500335294 /* LocalizationExtension.swift in Sources */ = {isa = PBXBuildFile; fileRef = 5D9E526829790DA500335294 /* LocalizationExtension.swift */; };
		5D9E526B29790DCD00335294 /* ResultExtension.swift in Sources */ = {isa = PBXBuildFile; fileRef = 5D9E526A29790DCD00335294 /* ResultExtension.swift */; };
		5D9E526E29790F1E00335294 /* JournalMapper.swift in Sources */ = {isa = PBXBuildFile; fileRef = 5D9E526D29790F1E00335294 /* JournalMapper.swift */; };
		5D9E5271297919A600335294 /* ViewState.swift in Sources */ = {isa = PBXBuildFile; fileRef = 5D9E5270297919A600335294 /* ViewState.swift */; };
		5D9E5273297937B000335294 /* ViewExtension.swift in Sources */ = {isa = PBXBuildFile; fileRef = 5D9E5272297937B000335294 /* ViewExtension.swift */; };
		5D9E5276297937F100335294 /* HideKeyboardModifier.swift in Sources */ = {isa = PBXBuildFile; fileRef = 5D9E5275297937F100335294 /* HideKeyboardModifier.swift */; };
		5D9E52782979460E00335294 /* AddJournalInteractor.swift in Sources */ = {isa = PBXBuildFile; fileRef = 5D9E52772979460E00335294 /* AddJournalInteractor.swift */; };
		5DAACB6D292CD932009584B8 /* JournalModel.swift in Sources */ = {isa = PBXBuildFile; fileRef = 5DAACB6C292CD932009584B8 /* JournalModel.swift */; };
		5DAACB71292F906C009584B8 /* Router.swift in Sources */ = {isa = PBXBuildFile; fileRef = 5DAACB70292F906C009584B8 /* Router.swift */; };
		5DAACB74292F98AF009584B8 /* JournalDetailView.swift in Sources */ = {isa = PBXBuildFile; fileRef = 5DAACB73292F98AF009584B8 /* JournalDetailView.swift */; };
		5DF97270298D23D80007B336 /* NaturalLanguageProcessor.swift in Sources */ = {isa = PBXBuildFile; fileRef = 5DF9726F298D23D80007B336 /* NaturalLanguageProcessor.swift */; };
		5DF9727229962AE60007B336 /* AnalyticsInteractor.swift in Sources */ = {isa = PBXBuildFile; fileRef = 5DF9727129962AE60007B336 /* AnalyticsInteractor.swift */; };
/* End PBXBuildFile section */

/* Begin PBXContainerItemProxy section */
		5D36FB69296D8D3E00D888CC /* PBXContainerItemProxy */ = {
			isa = PBXContainerItemProxy;
			containerPortal = 5D47AB65290441E700B779A2 /* Project object */;
			proxyType = 1;
			remoteGlobalIDString = 5D47AB6C290441E700B779A2;
			remoteInfo = FeelJournal;
		};
/* End PBXContainerItemProxy section */

/* Begin PBXFileReference section */
		5D36FB65296D8D3E00D888CC /* FeelJournalTests.xctest */ = {isa = PBXFileReference; explicitFileType = wrapper.cfbundle; includeInIndex = 0; path = FeelJournalTests.xctest; sourceTree = BUILT_PRODUCTS_DIR; };
		5D36FB67296D8D3E00D888CC /* FeelJournalTests.swift */ = {isa = PBXFileReference; lastKnownFileType = sourcecode.swift; path = FeelJournalTests.swift; sourceTree = "<group>"; };
		5D47AB6D290441E700B779A2 /* FeelJournal.app */ = {isa = PBXFileReference; explicitFileType = wrapper.application; includeInIndex = 0; path = FeelJournal.app; sourceTree = BUILT_PRODUCTS_DIR; };
		5D47AB70290441E700B779A2 /* FeelJournalApp.swift */ = {isa = PBXFileReference; lastKnownFileType = sourcecode.swift; path = FeelJournalApp.swift; sourceTree = "<group>"; };
		5D47AB72290441E700B779A2 /* RootView.swift */ = {isa = PBXFileReference; lastKnownFileType = sourcecode.swift; path = RootView.swift; sourceTree = "<group>"; };
		5D47AB74290441EB00B779A2 /* Assets.xcassets */ = {isa = PBXFileReference; lastKnownFileType = folder.assetcatalog; path = Assets.xcassets; sourceTree = "<group>"; };
		5D47AB77290441EB00B779A2 /* Preview Assets.xcassets */ = {isa = PBXFileReference; lastKnownFileType = folder.assetcatalog; path = "Preview Assets.xcassets"; sourceTree = "<group>"; };
		5D47AB812904F0FD00B779A2 /* HomeView.swift */ = {isa = PBXFileReference; lastKnownFileType = sourcecode.swift; path = HomeView.swift; sourceTree = "<group>"; };
		5D47AB832904F11100B779A2 /* HomePresenter.swift */ = {isa = PBXFileReference; lastKnownFileType = sourcecode.swift; path = HomePresenter.swift; sourceTree = "<group>"; };
		5D47AB882904F25800B779A2 /* AddJournalView.swift */ = {isa = PBXFileReference; lastKnownFileType = sourcecode.swift; path = AddJournalView.swift; sourceTree = "<group>"; };
		5D47AB8A2904F26500B779A2 /* AddJournalPresenter.swift */ = {isa = PBXFileReference; lastKnownFileType = sourcecode.swift; path = AddJournalPresenter.swift; sourceTree = "<group>"; };
		5D47AB8E2904F29600B779A2 /* AnalyticsView.swift */ = {isa = PBXFileReference; lastKnownFileType = sourcecode.swift; path = AnalyticsView.swift; sourceTree = "<group>"; };
		5D47AB902904F2A400B779A2 /* AnalyticsPresenter.swift */ = {isa = PBXFileReference; lastKnownFileType = sourcecode.swift; path = AnalyticsPresenter.swift; sourceTree = "<group>"; };
		5D7013C829A2202300C5E1B7 /* NavigationController.swift */ = {isa = PBXFileReference; lastKnownFileType = sourcecode.swift; path = NavigationController.swift; sourceTree = "<group>"; };
		5D791C27297449720086032A /* .swiftlint.yml */ = {isa = PBXFileReference; lastKnownFileType = text.yaml; path = .swiftlint.yml; sourceTree = "<group>"; };
		5D9E524D2979049600335294 /* Path.swift */ = {isa = PBXFileReference; lastKnownFileType = sourcecode.swift; path = Path.swift; sourceTree = "<group>"; };
		5D9E524F297904B500335294 /* ViewRouter.swift */ = {isa = PBXFileReference; lastKnownFileType = sourcecode.swift; path = ViewRouter.swift; sourceTree = "<group>"; };
		5D9E52532979072200335294 /* Provider.swift */ = {isa = PBXFileReference; lastKnownFileType = sourcecode.swift; path = Provider.swift; sourceTree = "<group>"; };
		5D9E525A2979087100335294 /* HomeInteractor.swift */ = {isa = PBXFileReference; lastKnownFileType = sourcecode.swift; path = HomeInteractor.swift; sourceTree = "<group>"; };
		5D9E525C29790B7000335294 /* FeelJournalRepository.swift */ = {isa = PBXFileReference; lastKnownFileType = sourcecode.swift; path = FeelJournalRepository.swift; sourceTree = "<group>"; };
		5D9E525F29790B9B00335294 /* LocaleDataSource.swift */ = {isa = PBXFileReference; lastKnownFileType = sourcecode.swift; path = LocaleDataSource.swift; sourceTree = "<group>"; };
		5D9E526229790C1F00335294 /* JournalEntity.swift */ = {isa = PBXFileReference; lastKnownFileType = sourcecode.swift; path = JournalEntity.swift; sourceTree = "<group>"; };
		5D9E526629790D7300335294 /* CustomErrorExtension.swift */ = {isa = PBXFileReference; lastKnownFileType = sourcecode.swift; path = CustomErrorExtension.swift; sourceTree = "<group>"; };
		5D9E526829790DA500335294 /* LocalizationExtension.swift */ = {isa = PBXFileReference; lastKnownFileType = sourcecode.swift; path = LocalizationExtension.swift; sourceTree = "<group>"; };
		5D9E526A29790DCD00335294 /* ResultExtension.swift */ = {isa = PBXFileReference; lastKnownFileType = sourcecode.swift; path = ResultExtension.swift; sourceTree = "<group>"; };
		5D9E526D29790F1E00335294 /* JournalMapper.swift */ = {isa = PBXFileReference; lastKnownFileType = sourcecode.swift; path = JournalMapper.swift; sourceTree = "<group>"; };
		5D9E5270297919A600335294 /* ViewState.swift */ = {isa = PBXFileReference; lastKnownFileType = sourcecode.swift; path = ViewState.swift; sourceTree = "<group>"; };
		5D9E5272297937B000335294 /* ViewExtension.swift */ = {isa = PBXFileReference; lastKnownFileType = sourcecode.swift; path = ViewExtension.swift; sourceTree = "<group>"; };
		5D9E5275297937F100335294 /* HideKeyboardModifier.swift */ = {isa = PBXFileReference; lastKnownFileType = sourcecode.swift; path = HideKeyboardModifier.swift; sourceTree = "<group>"; };
		5D9E52772979460E00335294 /* AddJournalInteractor.swift */ = {isa = PBXFileReference; lastKnownFileType = sourcecode.swift; path = AddJournalInteractor.swift; sourceTree = "<group>"; };
		5DAACB6C292CD932009584B8 /* JournalModel.swift */ = {isa = PBXFileReference; lastKnownFileType = sourcecode.swift; path = JournalModel.swift; sourceTree = "<group>"; };
		5DAACB70292F906C009584B8 /* Router.swift */ = {isa = PBXFileReference; lastKnownFileType = sourcecode.swift; path = Router.swift; sourceTree = "<group>"; };
		5DAACB73292F98AF009584B8 /* JournalDetailView.swift */ = {isa = PBXFileReference; lastKnownFileType = sourcecode.swift; path = JournalDetailView.swift; sourceTree = "<group>"; };
		5DF9726F298D23D80007B336 /* NaturalLanguageProcessor.swift */ = {isa = PBXFileReference; lastKnownFileType = sourcecode.swift; path = NaturalLanguageProcessor.swift; sourceTree = "<group>"; };
		5DF9727129962AE60007B336 /* AnalyticsInteractor.swift */ = {isa = PBXFileReference; lastKnownFileType = sourcecode.swift; path = AnalyticsInteractor.swift; sourceTree = "<group>"; };
/* End PBXFileReference section */

/* Begin PBXFrameworksBuildPhase section */
		5D36FB62296D8D3E00D888CC /* Frameworks */ = {
			isa = PBXFrameworksBuildPhase;
			buildActionMask = 2147483647;
			files = (
			);
			runOnlyForDeploymentPostprocessing = 0;
		};
		5D47AB6A290441E700B779A2 /* Frameworks */ = {
			isa = PBXFrameworksBuildPhase;
			buildActionMask = 2147483647;
			files = (
				5D9E5259297907EA00335294 /* RealmSwift in Frameworks */,
				5D9E5257297907EA00335294 /* Realm in Frameworks */,
			);
			runOnlyForDeploymentPostprocessing = 0;
		};
/* End PBXFrameworksBuildPhase section */

/* Begin PBXGroup section */
		5D36FB66296D8D3E00D888CC /* FeelJournalTests */ = {
			isa = PBXGroup;
			children = (
				5D36FB67296D8D3E00D888CC /* FeelJournalTests.swift */,
			);
			path = FeelJournalTests;
			sourceTree = "<group>";
		};
		5D47AB64290441E700B779A2 = {
			isa = PBXGroup;
			children = (
				5D47AB6F290441E700B779A2 /* FeelJournal */,
				5D36FB66296D8D3E00D888CC /* FeelJournalTests */,
				5D47AB6E290441E700B779A2 /* Products */,
			);
			sourceTree = "<group>";
		};
		5D47AB6E290441E700B779A2 /* Products */ = {
			isa = PBXGroup;
			children = (
				5D47AB6D290441E700B779A2 /* FeelJournal.app */,
				5D36FB65296D8D3E00D888CC /* FeelJournalTests.xctest */,
			);
			name = Products;
			sourceTree = "<group>";
		};
		5D47AB6F290441E700B779A2 /* FeelJournal */ = {
			isa = PBXGroup;
			children = (
				5D9E524B2979043400335294 /* App */,
				5D9E52522979071000335294 /* Core */,
				5D47AB872904F1D900B779A2 /* Model */,
				5D47AB7F2904F09900B779A2 /* Connector */,
				5D47AB7E2904F07900B779A2 /* Domain */,
				5D9E524C2979047500335294 /* Router */,
				5D9E526429790CED00335294 /* Utility */,
				5D47AB74290441EB00B779A2 /* Assets.xcassets */,
				5D791C27297449720086032A /* .swiftlint.yml */,
				5D47AB76290441EB00B779A2 /* Preview Content */,
			);
			path = FeelJournal;
			sourceTree = "<group>";
		};
		5D47AB76290441EB00B779A2 /* Preview Content */ = {
			isa = PBXGroup;
			children = (
				5D47AB77290441EB00B779A2 /* Preview Assets.xcassets */,
			);
			path = "Preview Content";
			sourceTree = "<group>";
		};
		5D47AB7E2904F07900B779A2 /* Domain */ = {
			isa = PBXGroup;
			children = (
				5D47AB852904F12000B779A2 /* AddJournal */,
				5D47AB862904F17500B779A2 /* Analytics */,
				5D47AB802904F0AF00B779A2 /* Home */,
				5DAACB72292F9884009584B8 /* JournalDetail */,
			);
			path = Domain;
			sourceTree = "<group>";
		};
		5D47AB7F2904F09900B779A2 /* Connector */ = {
			isa = PBXGroup;
			children = (
				5D9E525E29790B8500335294 /* Locale */,
				5D9E525C29790B7000335294 /* FeelJournalRepository.swift */,
			);
			path = Connector;
			sourceTree = "<group>";
		};
		5D47AB802904F0AF00B779A2 /* Home */ = {
			isa = PBXGroup;
			children = (
				5D47AB812904F0FD00B779A2 /* HomeView.swift */,
				5D47AB832904F11100B779A2 /* HomePresenter.swift */,
				5D9E525A2979087100335294 /* HomeInteractor.swift */,
			);
			path = Home;
			sourceTree = "<group>";
		};
		5D47AB852904F12000B779A2 /* AddJournal */ = {
			isa = PBXGroup;
			children = (
				5D47AB882904F25800B779A2 /* AddJournalView.swift */,
				5D47AB8A2904F26500B779A2 /* AddJournalPresenter.swift */,
				5D9E52772979460E00335294 /* AddJournalInteractor.swift */,
			);
			path = AddJournal;
			sourceTree = "<group>";
		};
		5D47AB862904F17500B779A2 /* Analytics */ = {
			isa = PBXGroup;
			children = (
				5D47AB8E2904F29600B779A2 /* AnalyticsView.swift */,
				5D47AB902904F2A400B779A2 /* AnalyticsPresenter.swift */,
				5DF9727129962AE60007B336 /* AnalyticsInteractor.swift */,
			);
			path = Analytics;
			sourceTree = "<group>";
		};
		5D47AB872904F1D900B779A2 /* Model */ = {
			isa = PBXGroup;
			children = (
				5DAACB6C292CD932009584B8 /* JournalModel.swift */,
			);
			path = Model;
			sourceTree = "<group>";
		};
		5D9E524B2979043400335294 /* App */ = {
			isa = PBXGroup;
			children = (
				5D47AB70290441E700B779A2 /* FeelJournalApp.swift */,
				5D47AB72290441E700B779A2 /* RootView.swift */,
			);
			path = App;
			sourceTree = "<group>";
		};
		5D9E524C2979047500335294 /* Router */ = {
			isa = PBXGroup;
			children = (
				5D9E524D2979049600335294 /* Path.swift */,
				5DAACB70292F906C009584B8 /* Router.swift */,
				5D9E524F297904B500335294 /* ViewRouter.swift */,
			);
			path = Router;
			sourceTree = "<group>";
		};
		5D9E52522979071000335294 /* Core */ = {
			isa = PBXGroup;
			children = (
				5D9E52532979072200335294 /* Provider.swift */,
				5DF9726F298D23D80007B336 /* NaturalLanguageProcessor.swift */,
				5D7013C829A2202300C5E1B7 /* NavigationController.swift */,
			);
			path = Core;
			sourceTree = "<group>";
		};
		5D9E525E29790B8500335294 /* Locale */ = {
			isa = PBXGroup;
			children = (
				5D9E526129790BA500335294 /* Entity */,
				5D9E525F29790B9B00335294 /* LocaleDataSource.swift */,
			);
			path = Locale;
			sourceTree = "<group>";
		};
		5D9E526129790BA500335294 /* Entity */ = {
			isa = PBXGroup;
			children = (
				5D9E526229790C1F00335294 /* JournalEntity.swift */,
			);
			path = Entity;
			sourceTree = "<group>";
		};
		5D9E526429790CED00335294 /* Utility */ = {
			isa = PBXGroup;
			children = (
				5D9E526F2979199700335294 /* Enum */,
				5D9E526529790D5F00335294 /* Extension */,
				5D9E526C29790F0800335294 /* Mapper */,
				5D9E5274297937D900335294 /* Modifier */,
			);
			path = Utility;
			sourceTree = "<group>";
		};
		5D9E526529790D5F00335294 /* Extension */ = {
			isa = PBXGroup;
			children = (
				5D9E526629790D7300335294 /* CustomErrorExtension.swift */,
				5D9E526829790DA500335294 /* LocalizationExtension.swift */,
				5D9E526A29790DCD00335294 /* ResultExtension.swift */,
				5D9E5272297937B000335294 /* ViewExtension.swift */,
			);
			path = Extension;
			sourceTree = "<group>";
		};
		5D9E526C29790F0800335294 /* Mapper */ = {
			isa = PBXGroup;
			children = (
				5D9E526D29790F1E00335294 /* JournalMapper.swift */,
			);
			path = Mapper;
			sourceTree = "<group>";
		};
		5D9E526F2979199700335294 /* Enum */ = {
			isa = PBXGroup;
			children = (
				5D9E5270297919A600335294 /* ViewState.swift */,
			);
			path = Enum;
			sourceTree = "<group>";
		};
		5D9E5274297937D900335294 /* Modifier */ = {
			isa = PBXGroup;
			children = (
				5D9E5275297937F100335294 /* HideKeyboardModifier.swift */,
			);
			path = Modifier;
			sourceTree = "<group>";
		};
		5DAACB72292F9884009584B8 /* JournalDetail */ = {
			isa = PBXGroup;
			children = (
				5DAACB73292F98AF009584B8 /* JournalDetailView.swift */,
			);
			path = JournalDetail;
			sourceTree = "<group>";
		};
/* End PBXGroup section */

/* Begin PBXNativeTarget section */
		5D36FB64296D8D3E00D888CC /* FeelJournalTests */ = {
			isa = PBXNativeTarget;
			buildConfigurationList = 5D36FB6D296D8D3E00D888CC /* Build configuration list for PBXNativeTarget "FeelJournalTests" */;
			buildPhases = (
				5D36FB61296D8D3E00D888CC /* Sources */,
				5D36FB62296D8D3E00D888CC /* Frameworks */,
				5D36FB63296D8D3E00D888CC /* Resources */,
				5D791C26297449420086032A /* ShellScript */,
			);
			buildRules = (
			);
			dependencies = (
				5D36FB6A296D8D3E00D888CC /* PBXTargetDependency */,
			);
			name = FeelJournalTests;
			productName = FeelJournalTests;
			productReference = 5D36FB65296D8D3E00D888CC /* FeelJournalTests.xctest */;
			productType = "com.apple.product-type.bundle.unit-test";
		};
		5D47AB6C290441E700B779A2 /* FeelJournal */ = {
			isa = PBXNativeTarget;
			buildConfigurationList = 5D47AB7B290441EB00B779A2 /* Build configuration list for PBXNativeTarget "FeelJournal" */;
			buildPhases = (
				5D47AB69290441E700B779A2 /* Sources */,
				5D47AB6A290441E700B779A2 /* Frameworks */,
				5D47AB6B290441E700B779A2 /* Resources */,
				5D791C2929744EB40086032A /* ShellScript */,
			);
			buildRules = (
			);
			dependencies = (
			);
			name = FeelJournal;
			packageProductDependencies = (
				5D9E5256297907EA00335294 /* Realm */,
				5D9E5258297907EA00335294 /* RealmSwift */,
			);
			productName = FeelJournal;
			productReference = 5D47AB6D290441E700B779A2 /* FeelJournal.app */;
			productType = "com.apple.product-type.application";
		};
/* End PBXNativeTarget section */

/* Begin PBXProject section */
		5D47AB65290441E700B779A2 /* Project object */ = {
			isa = PBXProject;
			attributes = {
				BuildIndependentTargetsInParallel = 1;
				LastSwiftUpdateCheck = 1420;
				LastUpgradeCheck = 1400;
				TargetAttributes = {
					5D36FB64296D8D3E00D888CC = {
						CreatedOnToolsVersion = 14.2;
						TestTargetID = 5D47AB6C290441E700B779A2;
					};
					5D47AB6C290441E700B779A2 = {
						CreatedOnToolsVersion = 14.0.1;
					};
				};
			};
			buildConfigurationList = 5D47AB68290441E700B779A2 /* Build configuration list for PBXProject "FeelJournal" */;
			compatibilityVersion = "Xcode 14.0";
			developmentRegion = en;
			hasScannedForEncodings = 0;
			knownRegions = (
				en,
				Base,
			);
			mainGroup = 5D47AB64290441E700B779A2;
			packageReferences = (
				5D9E5255297907EA00335294 /* XCRemoteSwiftPackageReference "realm-swift" */,
			);
			productRefGroup = 5D47AB6E290441E700B779A2 /* Products */;
			projectDirPath = "";
			projectRoot = "";
			targets = (
				5D47AB6C290441E700B779A2 /* FeelJournal */,
				5D36FB64296D8D3E00D888CC /* FeelJournalTests */,
			);
		};
/* End PBXProject section */

/* Begin PBXResourcesBuildPhase section */
		5D36FB63296D8D3E00D888CC /* Resources */ = {
			isa = PBXResourcesBuildPhase;
			buildActionMask = 2147483647;
			files = (
			);
			runOnlyForDeploymentPostprocessing = 0;
		};
		5D47AB6B290441E700B779A2 /* Resources */ = {
			isa = PBXResourcesBuildPhase;
			buildActionMask = 2147483647;
			files = (
				5D791C28297449720086032A /* .swiftlint.yml in Resources */,
				5D47AB78290441EB00B779A2 /* Preview Assets.xcassets in Resources */,
				5D47AB75290441EB00B779A2 /* Assets.xcassets in Resources */,
			);
			runOnlyForDeploymentPostprocessing = 0;
		};
/* End PBXResourcesBuildPhase section */

/* Begin PBXShellScriptBuildPhase section */
		5D791C26297449420086032A /* ShellScript */ = {
			isa = PBXShellScriptBuildPhase;
			buildActionMask = 2147483647;
			files = (
			);
			inputFileListPaths = (
			);
			inputPaths = (
			);
			outputFileListPaths = (
			);
			outputPaths = (
			);
			runOnlyForDeploymentPostprocessing = 0;
			shellPath = /bin/sh;
			shellScript = "if which swiftlint >/dev/null; then \n    swiftlint \nelse \n    echo \"warning: SwiftLint not installed, download from https://github.com/realm/SwiftLint\" \nfi\n";
		};
		5D791C2929744EB40086032A /* ShellScript */ = {
			isa = PBXShellScriptBuildPhase;
			alwaysOutOfDate = 1;
			buildActionMask = 2147483647;
			files = (
			);
			inputFileListPaths = (
			);
			inputPaths = (
			);
			outputFileListPaths = (
			);
			outputPaths = (
			);
			runOnlyForDeploymentPostprocessing = 0;
			shellPath = /bin/sh;
			shellScript = "if which swiftlint >/dev/null; then \n    swiftlint \nelse \n    echo \"warning: SwiftLint not installed, download from https://github.com/realm/SwiftLint\" \nfi\n";
		};
/* End PBXShellScriptBuildPhase section */

/* Begin PBXSourcesBuildPhase section */
		5D36FB61296D8D3E00D888CC /* Sources */ = {
			isa = PBXSourcesBuildPhase;
			buildActionMask = 2147483647;
			files = (
				5D36FB68296D8D3E00D888CC /* FeelJournalTests.swift in Sources */,
			);
			runOnlyForDeploymentPostprocessing = 0;
		};
		5D47AB69290441E700B779A2 /* Sources */ = {
			isa = PBXSourcesBuildPhase;
			buildActionMask = 2147483647;
			files = (
				5D9E526B29790DCD00335294 /* ResultExtension.swift in Sources */,
				5D47AB822904F0FD00B779A2 /* HomeView.swift in Sources */,
				5D9E52782979460E00335294 /* AddJournalInteractor.swift in Sources */,
				5D9E526029790B9B00335294 /* LocaleDataSource.swift in Sources */,
				5D47AB73290441E700B779A2 /* RootView.swift in Sources */,
				5D9E52542979072200335294 /* Provider.swift in Sources */,
				5D9E526929790DA500335294 /* LocalizationExtension.swift in Sources */,
				5DF97270298D23D80007B336 /* NaturalLanguageProcessor.swift in Sources */,
				5D9E5273297937B000335294 /* ViewExtension.swift in Sources */,
				5D9E525B2979087100335294 /* HomeInteractor.swift in Sources */,
				5D9E526729790D7300335294 /* CustomErrorExtension.swift in Sources */,
				5D9E5271297919A600335294 /* ViewState.swift in Sources */,
				5D9E526E29790F1E00335294 /* JournalMapper.swift in Sources */,
				5D47AB71290441E700B779A2 /* FeelJournalApp.swift in Sources */,
				5D9E5250297904B500335294 /* ViewRouter.swift in Sources */,
				5D47AB842904F11100B779A2 /* HomePresenter.swift in Sources */,
				5D9E5276297937F100335294 /* HideKeyboardModifier.swift in Sources */,
				5D47AB8F2904F29600B779A2 /* AnalyticsView.swift in Sources */,
				5D47AB8B2904F26500B779A2 /* AddJournalPresenter.swift in Sources */,
				5DF9727229962AE60007B336 /* AnalyticsInteractor.swift in Sources */,
				5D47AB892904F25800B779A2 /* AddJournalView.swift in Sources */,
				5DAACB71292F906C009584B8 /* Router.swift in Sources */,
				5D7013C929A2202300C5E1B7 /* NavigationController.swift in Sources */,
				5DAACB74292F98AF009584B8 /* JournalDetailView.swift in Sources */,
				5D47AB912904F2A400B779A2 /* AnalyticsPresenter.swift in Sources */,
				5D9E525D29790B7000335294 /* FeelJournalRepository.swift in Sources */,
				5D9E524E2979049600335294 /* Path.swift in Sources */,
				5D9E526329790C1F00335294 /* JournalEntity.swift in Sources */,
				5DAACB6D292CD932009584B8 /* JournalModel.swift in Sources */,
			);
			runOnlyForDeploymentPostprocessing = 0;
		};
/* End PBXSourcesBuildPhase section */

/* Begin PBXTargetDependency section */
		5D36FB6A296D8D3E00D888CC /* PBXTargetDependency */ = {
			isa = PBXTargetDependency;
			target = 5D47AB6C290441E700B779A2 /* FeelJournal */;
			targetProxy = 5D36FB69296D8D3E00D888CC /* PBXContainerItemProxy */;
		};
/* End PBXTargetDependency section */

/* Begin XCBuildConfiguration section */
		5D36FB6B296D8D3E00D888CC /* Debug */ = {
			isa = XCBuildConfiguration;
			buildSettings = {
				BUNDLE_LOADER = "$(TEST_HOST)";
				CODE_SIGN_STYLE = Automatic;
				CURRENT_PROJECT_VERSION = 1;
				DEVELOPMENT_TEAM = 3USSPQR589;
				GENERATE_INFOPLIST_FILE = YES;
				IPHONEOS_DEPLOYMENT_TARGET = 16.2;
				MARKETING_VERSION = 1.0;
				PRODUCT_BUNDLE_IDENTIFIER = am.dx.kevinjonathan.FeelJournalTests;
				PRODUCT_NAME = "$(TARGET_NAME)";
				SWIFT_EMIT_LOC_STRINGS = NO;
				SWIFT_VERSION = 5.0;
				TARGETED_DEVICE_FAMILY = "1,2";
				TEST_HOST = "$(BUILT_PRODUCTS_DIR)/FeelJournal.app/$(BUNDLE_EXECUTABLE_FOLDER_PATH)/FeelJournal";
			};
			name = Debug;
		};
		5D36FB6C296D8D3E00D888CC /* Release */ = {
			isa = XCBuildConfiguration;
			buildSettings = {
				BUNDLE_LOADER = "$(TEST_HOST)";
				CODE_SIGN_STYLE = Automatic;
				CURRENT_PROJECT_VERSION = 1;
				DEVELOPMENT_TEAM = 3USSPQR589;
				GENERATE_INFOPLIST_FILE = YES;
				IPHONEOS_DEPLOYMENT_TARGET = 16.2;
				MARKETING_VERSION = 1.0;
				PRODUCT_BUNDLE_IDENTIFIER = am.dx.kevinjonathan.FeelJournalTests;
				PRODUCT_NAME = "$(TARGET_NAME)";
				SWIFT_EMIT_LOC_STRINGS = NO;
				SWIFT_VERSION = 5.0;
				TARGETED_DEVICE_FAMILY = "1,2";
				TEST_HOST = "$(BUILT_PRODUCTS_DIR)/FeelJournal.app/$(BUNDLE_EXECUTABLE_FOLDER_PATH)/FeelJournal";
			};
			name = Release;
		};
		5D47AB79290441EB00B779A2 /* Debug */ = {
			isa = XCBuildConfiguration;
			buildSettings = {
				ALWAYS_SEARCH_USER_PATHS = NO;
				CLANG_ANALYZER_NONNULL = YES;
				CLANG_ANALYZER_NUMBER_OBJECT_CONVERSION = YES_AGGRESSIVE;
				CLANG_CXX_LANGUAGE_STANDARD = "gnu++20";
				CLANG_ENABLE_MODULES = YES;
				CLANG_ENABLE_OBJC_ARC = YES;
				CLANG_ENABLE_OBJC_WEAK = YES;
				CLANG_WARN_BLOCK_CAPTURE_AUTORELEASING = YES;
				CLANG_WARN_BOOL_CONVERSION = YES;
				CLANG_WARN_COMMA = YES;
				CLANG_WARN_CONSTANT_CONVERSION = YES;
				CLANG_WARN_DEPRECATED_OBJC_IMPLEMENTATIONS = YES;
				CLANG_WARN_DIRECT_OBJC_ISA_USAGE = YES_ERROR;
				CLANG_WARN_DOCUMENTATION_COMMENTS = YES;
				CLANG_WARN_EMPTY_BODY = YES;
				CLANG_WARN_ENUM_CONVERSION = YES;
				CLANG_WARN_INFINITE_RECURSION = YES;
				CLANG_WARN_INT_CONVERSION = YES;
				CLANG_WARN_NON_LITERAL_NULL_CONVERSION = YES;
				CLANG_WARN_OBJC_IMPLICIT_RETAIN_SELF = YES;
				CLANG_WARN_OBJC_LITERAL_CONVERSION = YES;
				CLANG_WARN_OBJC_ROOT_CLASS = YES_ERROR;
				CLANG_WARN_QUOTED_INCLUDE_IN_FRAMEWORK_HEADER = YES;
				CLANG_WARN_RANGE_LOOP_ANALYSIS = YES;
				CLANG_WARN_STRICT_PROTOTYPES = YES;
				CLANG_WARN_SUSPICIOUS_MOVE = YES;
				CLANG_WARN_UNGUARDED_AVAILABILITY = YES_AGGRESSIVE;
				CLANG_WARN_UNREACHABLE_CODE = YES;
				CLANG_WARN__DUPLICATE_METHOD_MATCH = YES;
				COPY_PHASE_STRIP = NO;
				DEBUG_INFORMATION_FORMAT = dwarf;
				ENABLE_STRICT_OBJC_MSGSEND = YES;
				ENABLE_TESTABILITY = YES;
				GCC_C_LANGUAGE_STANDARD = gnu11;
				GCC_DYNAMIC_NO_PIC = NO;
				GCC_NO_COMMON_BLOCKS = YES;
				GCC_OPTIMIZATION_LEVEL = 0;
				GCC_PREPROCESSOR_DEFINITIONS = (
					"DEBUG=1",
					"$(inherited)",
				);
				GCC_WARN_64_TO_32_BIT_CONVERSION = YES;
				GCC_WARN_ABOUT_RETURN_TYPE = YES_ERROR;
				GCC_WARN_UNDECLARED_SELECTOR = YES;
				GCC_WARN_UNINITIALIZED_AUTOS = YES_AGGRESSIVE;
				GCC_WARN_UNUSED_FUNCTION = YES;
				GCC_WARN_UNUSED_VARIABLE = YES;
				IPHONEOS_DEPLOYMENT_TARGET = 16.0;
				MTL_ENABLE_DEBUG_INFO = INCLUDE_SOURCE;
				MTL_FAST_MATH = YES;
				ONLY_ACTIVE_ARCH = YES;
				SDKROOT = iphoneos;
				SWIFT_ACTIVE_COMPILATION_CONDITIONS = DEBUG;
				SWIFT_OPTIMIZATION_LEVEL = "-Onone";
			};
			name = Debug;
		};
		5D47AB7A290441EB00B779A2 /* Release */ = {
			isa = XCBuildConfiguration;
			buildSettings = {
				ALWAYS_SEARCH_USER_PATHS = NO;
				CLANG_ANALYZER_NONNULL = YES;
				CLANG_ANALYZER_NUMBER_OBJECT_CONVERSION = YES_AGGRESSIVE;
				CLANG_CXX_LANGUAGE_STANDARD = "gnu++20";
				CLANG_ENABLE_MODULES = YES;
				CLANG_ENABLE_OBJC_ARC = YES;
				CLANG_ENABLE_OBJC_WEAK = YES;
				CLANG_WARN_BLOCK_CAPTURE_AUTORELEASING = YES;
				CLANG_WARN_BOOL_CONVERSION = YES;
				CLANG_WARN_COMMA = YES;
				CLANG_WARN_CONSTANT_CONVERSION = YES;
				CLANG_WARN_DEPRECATED_OBJC_IMPLEMENTATIONS = YES;
				CLANG_WARN_DIRECT_OBJC_ISA_USAGE = YES_ERROR;
				CLANG_WARN_DOCUMENTATION_COMMENTS = YES;
				CLANG_WARN_EMPTY_BODY = YES;
				CLANG_WARN_ENUM_CONVERSION = YES;
				CLANG_WARN_INFINITE_RECURSION = YES;
				CLANG_WARN_INT_CONVERSION = YES;
				CLANG_WARN_NON_LITERAL_NULL_CONVERSION = YES;
				CLANG_WARN_OBJC_IMPLICIT_RETAIN_SELF = YES;
				CLANG_WARN_OBJC_LITERAL_CONVERSION = YES;
				CLANG_WARN_OBJC_ROOT_CLASS = YES_ERROR;
				CLANG_WARN_QUOTED_INCLUDE_IN_FRAMEWORK_HEADER = YES;
				CLANG_WARN_RANGE_LOOP_ANALYSIS = YES;
				CLANG_WARN_STRICT_PROTOTYPES = YES;
				CLANG_WARN_SUSPICIOUS_MOVE = YES;
				CLANG_WARN_UNGUARDED_AVAILABILITY = YES_AGGRESSIVE;
				CLANG_WARN_UNREACHABLE_CODE = YES;
				CLANG_WARN__DUPLICATE_METHOD_MATCH = YES;
				COPY_PHASE_STRIP = NO;
				DEBUG_INFORMATION_FORMAT = "dwarf-with-dsym";
				ENABLE_NS_ASSERTIONS = NO;
				ENABLE_STRICT_OBJC_MSGSEND = YES;
				GCC_C_LANGUAGE_STANDARD = gnu11;
				GCC_NO_COMMON_BLOCKS = YES;
				GCC_WARN_64_TO_32_BIT_CONVERSION = YES;
				GCC_WARN_ABOUT_RETURN_TYPE = YES_ERROR;
				GCC_WARN_UNDECLARED_SELECTOR = YES;
				GCC_WARN_UNINITIALIZED_AUTOS = YES_AGGRESSIVE;
				GCC_WARN_UNUSED_FUNCTION = YES;
				GCC_WARN_UNUSED_VARIABLE = YES;
				IPHONEOS_DEPLOYMENT_TARGET = 16.0;
				MTL_ENABLE_DEBUG_INFO = NO;
				MTL_FAST_MATH = YES;
				SDKROOT = iphoneos;
				SWIFT_COMPILATION_MODE = wholemodule;
				SWIFT_OPTIMIZATION_LEVEL = "-O";
				VALIDATE_PRODUCT = YES;
			};
			name = Release;
		};
		5D47AB7C290441EB00B779A2 /* Debug */ = {
			isa = XCBuildConfiguration;
			buildSettings = {
				ASSETCATALOG_COMPILER_APPICON_NAME = AppIcon;
				ASSETCATALOG_COMPILER_GLOBAL_ACCENT_COLOR_NAME = AccentColor;
				CODE_SIGN_STYLE = Automatic;
				CURRENT_PROJECT_VERSION = 5;
				DEVELOPMENT_ASSET_PATHS = "\"FeelJournal/Preview Content\"";
				DEVELOPMENT_TEAM = 3USSPQR589;
				ENABLE_PREVIEWS = YES;
				GENERATE_INFOPLIST_FILE = YES;
				INFOPLIST_KEY_LSApplicationCategoryType = "public.app-category.lifestyle";
				INFOPLIST_KEY_UIApplicationSceneManifest_Generation = YES;
				INFOPLIST_KEY_UIApplicationSupportsIndirectInputEvents = YES;
				INFOPLIST_KEY_UILaunchScreen_Generation = YES;
				INFOPLIST_KEY_UISupportedInterfaceOrientations = UIInterfaceOrientationPortrait;
				LD_RUNPATH_SEARCH_PATHS = (
					"$(inherited)",
					"@executable_path/Frameworks",
				);
				MARKETING_VERSION = 2.0;
				PRODUCT_BUNDLE_IDENTIFIER = am.dx.kevinjonathan.FeelJournal;
				PRODUCT_NAME = "$(TARGET_NAME)";
				SUPPORTED_PLATFORMS = "iphoneos iphonesimulator";
				SUPPORTS_MACCATALYST = NO;
				SUPPORTS_MAC_DESIGNED_FOR_IPHONE_IPAD = YES;
				SWIFT_EMIT_LOC_STRINGS = YES;
				SWIFT_VERSION = 5.0;
				TARGETED_DEVICE_FAMILY = 1;
			};
			name = Debug;
		};
		5D47AB7D290441EB00B779A2 /* Release */ = {
			isa = XCBuildConfiguration;
			buildSettings = {
				ASSETCATALOG_COMPILER_APPICON_NAME = AppIcon;
				ASSETCATALOG_COMPILER_GLOBAL_ACCENT_COLOR_NAME = AccentColor;
				CODE_SIGN_STYLE = Automatic;
				CURRENT_PROJECT_VERSION = 5;
				DEVELOPMENT_ASSET_PATHS = "\"FeelJournal/Preview Content\"";
				DEVELOPMENT_TEAM = 3USSPQR589;
				ENABLE_PREVIEWS = YES;
				GENERATE_INFOPLIST_FILE = YES;
				INFOPLIST_KEY_LSApplicationCategoryType = "public.app-category.lifestyle";
				INFOPLIST_KEY_UIApplicationSceneManifest_Generation = YES;
				INFOPLIST_KEY_UIApplicationSupportsIndirectInputEvents = YES;
				INFOPLIST_KEY_UILaunchScreen_Generation = YES;
				INFOPLIST_KEY_UISupportedInterfaceOrientations = UIInterfaceOrientationPortrait;
				LD_RUNPATH_SEARCH_PATHS = (
					"$(inherited)",
					"@executable_path/Frameworks",
				);
				MARKETING_VERSION = 2.0;
				PRODUCT_BUNDLE_IDENTIFIER = am.dx.kevinjonathan.FeelJournal;
				PRODUCT_NAME = "$(TARGET_NAME)";
				SUPPORTED_PLATFORMS = "iphoneos iphonesimulator";
				SUPPORTS_MACCATALYST = NO;
				SUPPORTS_MAC_DESIGNED_FOR_IPHONE_IPAD = YES;
				SWIFT_EMIT_LOC_STRINGS = YES;
				SWIFT_VERSION = 5.0;
				TARGETED_DEVICE_FAMILY = 1;
			};
			name = Release;
		};
/* End XCBuildConfiguration section */

/* Begin XCConfigurationList section */
		5D36FB6D296D8D3E00D888CC /* Build configuration list for PBXNativeTarget "FeelJournalTests" */ = {
			isa = XCConfigurationList;
			buildConfigurations = (
				5D36FB6B296D8D3E00D888CC /* Debug */,
				5D36FB6C296D8D3E00D888CC /* Release */,
			);
			defaultConfigurationIsVisible = 0;
			defaultConfigurationName = Release;
		};
		5D47AB68290441E700B779A2 /* Build configuration list for PBXProject "FeelJournal" */ = {
			isa = XCConfigurationList;
			buildConfigurations = (
				5D47AB79290441EB00B779A2 /* Debug */,
				5D47AB7A290441EB00B779A2 /* Release */,
			);
			defaultConfigurationIsVisible = 0;
			defaultConfigurationName = Release;
		};
		5D47AB7B290441EB00B779A2 /* Build configuration list for PBXNativeTarget "FeelJournal" */ = {
			isa = XCConfigurationList;
			buildConfigurations = (
				5D47AB7C290441EB00B779A2 /* Debug */,
				5D47AB7D290441EB00B779A2 /* Release */,
			);
			defaultConfigurationIsVisible = 0;
			defaultConfigurationName = Release;
		};
/* End XCConfigurationList section */

/* Begin XCRemoteSwiftPackageReference section */
		5D9E5255297907EA00335294 /* XCRemoteSwiftPackageReference "realm-swift" */ = {
			isa = XCRemoteSwiftPackageReference;
			repositoryURL = "https://github.com/realm/realm-swift";
			requirement = {
				kind = upToNextMajorVersion;
				minimumVersion = 10.34.0;
			};
		};
/* End XCRemoteSwiftPackageReference section */

/* Begin XCSwiftPackageProductDependency section */
		5D9E5256297907EA00335294 /* Realm */ = {
			isa = XCSwiftPackageProductDependency;
			package = 5D9E5255297907EA00335294 /* XCRemoteSwiftPackageReference "realm-swift" */;
			productName = Realm;
		};
		5D9E5258297907EA00335294 /* RealmSwift */ = {
			isa = XCSwiftPackageProductDependency;
			package = 5D9E5255297907EA00335294 /* XCRemoteSwiftPackageReference "realm-swift" */;
			productName = RealmSwift;
		};
/* End XCSwiftPackageProductDependency section */
	};
	rootObject = 5D47AB65290441E700B779A2 /* Project object */;
}
