// !$*UTF8*$!
{
	archiveVersion = 1;
	classes = {
	};
	objectVersion = 56;
	objects = {

/* Begin PBXBuildFile section */
		5D47AB71290441E700B779A2 /* FeelJournalApp.swift in Sources */ = {isa = PBXBuildFile; fileRef = 5D47AB70290441E700B779A2 /* FeelJournalApp.swift */; };
		5D47AB73290441E700B779A2 /* RootView.swift in Sources */ = {isa = PBXBuildFile; fileRef = 5D47AB72290441E700B779A2 /* RootView.swift */; };
		5D47AB75290441EB00B779A2 /* Assets.xcassets in Resources */ = {isa = PBXBuildFile; fileRef = 5D47AB74290441EB00B779A2 /* Assets.xcassets */; };
		5D47AB78290441EB00B779A2 /* Preview Assets.xcassets in Resources */ = {isa = PBXBuildFile; fileRef = 5D47AB77290441EB00B779A2 /* Preview Assets.xcassets */; };
		5D47AB822904F0FD00B779A2 /* HomeView.swift in Sources */ = {isa = PBXBuildFile; fileRef = 5D47AB812904F0FD00B779A2 /* HomeView.swift */; };
		5D47AB842904F11100B779A2 /* HomeViewModel.swift in Sources */ = {isa = PBXBuildFile; fileRef = 5D47AB832904F11100B779A2 /* HomeViewModel.swift */; };
		5D47AB892904F25800B779A2 /* AddJournalView.swift in Sources */ = {isa = PBXBuildFile; fileRef = 5D47AB882904F25800B779A2 /* AddJournalView.swift */; };
		5D47AB8B2904F26500B779A2 /* AddJournalViewModel.swift in Sources */ = {isa = PBXBuildFile; fileRef = 5D47AB8A2904F26500B779A2 /* AddJournalViewModel.swift */; };
		5D47AB8F2904F29600B779A2 /* AnalyticsView.swift in Sources */ = {isa = PBXBuildFile; fileRef = 5D47AB8E2904F29600B779A2 /* AnalyticsView.swift */; };
		5D47AB912904F2A400B779A2 /* AnalyticsViewModel.swift in Sources */ = {isa = PBXBuildFile; fileRef = 5D47AB902904F2A400B779A2 /* AnalyticsViewModel.swift */; };
		5DAACB65292B8316009584B8 /* FeelJournalModel.xcdatamodeld in Sources */ = {isa = PBXBuildFile; fileRef = 5DAACB63292B8316009584B8 /* FeelJournalModel.xcdatamodeld */; };
		5DAACB6A292B84BC009584B8 /* JournalEntryItem+CoreDataClass.swift in Sources */ = {isa = PBXBuildFile; fileRef = 5DAACB68292B84BC009584B8 /* JournalEntryItem+CoreDataClass.swift */; };
		5DAACB6B292B84BC009584B8 /* JournalEntryItem+CoreDataProperties.swift in Sources */ = {isa = PBXBuildFile; fileRef = 5DAACB69292B84BC009584B8 /* JournalEntryItem+CoreDataProperties.swift */; };
		5DAACB6D292CD932009584B8 /* Journal.swift in Sources */ = {isa = PBXBuildFile; fileRef = 5DAACB6C292CD932009584B8 /* Journal.swift */; };
/* End PBXBuildFile section */

/* Begin PBXFileReference section */
		5D47AB6D290441E700B779A2 /* FeelJournal.app */ = {isa = PBXFileReference; explicitFileType = wrapper.application; includeInIndex = 0; path = FeelJournal.app; sourceTree = BUILT_PRODUCTS_DIR; };
		5D47AB70290441E700B779A2 /* FeelJournalApp.swift */ = {isa = PBXFileReference; lastKnownFileType = sourcecode.swift; path = FeelJournalApp.swift; sourceTree = "<group>"; };
		5D47AB72290441E700B779A2 /* RootView.swift */ = {isa = PBXFileReference; lastKnownFileType = sourcecode.swift; path = RootView.swift; sourceTree = "<group>"; };
		5D47AB74290441EB00B779A2 /* Assets.xcassets */ = {isa = PBXFileReference; lastKnownFileType = folder.assetcatalog; path = Assets.xcassets; sourceTree = "<group>"; };
		5D47AB77290441EB00B779A2 /* Preview Assets.xcassets */ = {isa = PBXFileReference; lastKnownFileType = folder.assetcatalog; path = "Preview Assets.xcassets"; sourceTree = "<group>"; };
		5D47AB812904F0FD00B779A2 /* HomeView.swift */ = {isa = PBXFileReference; lastKnownFileType = sourcecode.swift; path = HomeView.swift; sourceTree = "<group>"; };
		5D47AB832904F11100B779A2 /* HomeViewModel.swift */ = {isa = PBXFileReference; lastKnownFileType = sourcecode.swift; path = HomeViewModel.swift; sourceTree = "<group>"; };
		5D47AB882904F25800B779A2 /* AddJournalView.swift */ = {isa = PBXFileReference; lastKnownFileType = sourcecode.swift; path = AddJournalView.swift; sourceTree = "<group>"; };
		5D47AB8A2904F26500B779A2 /* AddJournalViewModel.swift */ = {isa = PBXFileReference; lastKnownFileType = sourcecode.swift; path = AddJournalViewModel.swift; sourceTree = "<group>"; };
		5D47AB8E2904F29600B779A2 /* AnalyticsView.swift */ = {isa = PBXFileReference; lastKnownFileType = sourcecode.swift; path = AnalyticsView.swift; sourceTree = "<group>"; };
		5D47AB902904F2A400B779A2 /* AnalyticsViewModel.swift */ = {isa = PBXFileReference; lastKnownFileType = sourcecode.swift; path = AnalyticsViewModel.swift; sourceTree = "<group>"; };
		5DAACB64292B8316009584B8 /* FeelJournalModel.xcdatamodel */ = {isa = PBXFileReference; lastKnownFileType = wrapper.xcdatamodel; path = FeelJournalModel.xcdatamodel; sourceTree = "<group>"; };
		5DAACB68292B84BC009584B8 /* JournalEntryItem+CoreDataClass.swift */ = {isa = PBXFileReference; lastKnownFileType = sourcecode.swift; path = "JournalEntryItem+CoreDataClass.swift"; sourceTree = "<group>"; };
		5DAACB69292B84BC009584B8 /* JournalEntryItem+CoreDataProperties.swift */ = {isa = PBXFileReference; lastKnownFileType = sourcecode.swift; path = "JournalEntryItem+CoreDataProperties.swift"; sourceTree = "<group>"; };
		5DAACB6C292CD932009584B8 /* Journal.swift */ = {isa = PBXFileReference; lastKnownFileType = sourcecode.swift; path = Journal.swift; sourceTree = "<group>"; };
/* End PBXFileReference section */

/* Begin PBXFrameworksBuildPhase section */
		5D47AB6A290441E700B779A2 /* Frameworks */ = {
			isa = PBXFrameworksBuildPhase;
			buildActionMask = 2147483647;
			files = (
			);
			runOnlyForDeploymentPostprocessing = 0;
		};
/* End PBXFrameworksBuildPhase section */

/* Begin PBXGroup section */
		5D47AB64290441E700B779A2 = {
			isa = PBXGroup;
			children = (
				5D47AB6F290441E700B779A2 /* FeelJournal */,
				5D47AB6E290441E700B779A2 /* Products */,
			);
			sourceTree = "<group>";
		};
		5D47AB6E290441E700B779A2 /* Products */ = {
			isa = PBXGroup;
			children = (
				5D47AB6D290441E700B779A2 /* FeelJournal.app */,
			);
			name = Products;
			sourceTree = "<group>";
		};
		5D47AB6F290441E700B779A2 /* FeelJournal */ = {
			isa = PBXGroup;
			children = (
				5D47AB872904F1D900B779A2 /* Model */,
				5D47AB7F2904F09900B779A2 /* Connector */,
				5D47AB7E2904F07900B779A2 /* Domain */,
				5D47AB70290441E700B779A2 /* FeelJournalApp.swift */,
				5D47AB72290441E700B779A2 /* RootView.swift */,
				5D47AB74290441EB00B779A2 /* Assets.xcassets */,
				5D47AB76290441EB00B779A2 /* Preview Content */,
			);
			path = FeelJournal;
			sourceTree = "<group>";
		};
		5D47AB76290441EB00B779A2 /* Preview Content */ = {
			isa = PBXGroup;
			children = (
				5D47AB77290441EB00B779A2 /* Preview Assets.xcassets */,
			);
			path = "Preview Content";
			sourceTree = "<group>";
		};
		5D47AB7E2904F07900B779A2 /* Domain */ = {
			isa = PBXGroup;
			children = (
				5D47AB802904F0AF00B779A2 /* Home */,
				5D47AB852904F12000B779A2 /* AddJournal */,
				5D47AB862904F17500B779A2 /* Analytics */,
			);
			path = Domain;
			sourceTree = "<group>";
		};
		5D47AB7F2904F09900B779A2 /* Connector */ = {
			isa = PBXGroup;
			children = (
			);
			path = Connector;
			sourceTree = "<group>";
		};
		5D47AB802904F0AF00B779A2 /* Home */ = {
			isa = PBXGroup;
			children = (
				5D47AB812904F0FD00B779A2 /* HomeView.swift */,
				5D47AB832904F11100B779A2 /* HomeViewModel.swift */,
			);
			path = Home;
			sourceTree = "<group>";
		};
		5D47AB852904F12000B779A2 /* AddJournal */ = {
			isa = PBXGroup;
			children = (
				5D47AB882904F25800B779A2 /* AddJournalView.swift */,
				5D47AB8A2904F26500B779A2 /* AddJournalViewModel.swift */,
			);
			path = AddJournal;
			sourceTree = "<group>";
		};
		5D47AB862904F17500B779A2 /* Analytics */ = {
			isa = PBXGroup;
			children = (
				5D47AB8E2904F29600B779A2 /* AnalyticsView.swift */,
				5D47AB902904F2A400B779A2 /* AnalyticsViewModel.swift */,
			);
			path = Analytics;
			sourceTree = "<group>";
		};
		5D47AB872904F1D900B779A2 /* Model */ = {
			isa = PBXGroup;
			children = (
				5D47AB922904F2C700B779A2 /* CoreData */,
				5DAACB6C292CD932009584B8 /* Journal.swift */,
			);
			path = Model;
			sourceTree = "<group>";
		};
		5D47AB922904F2C700B779A2 /* CoreData */ = {
			isa = PBXGroup;
			children = (
				5DAACB66292B848E009584B8 /* Entity */,
				5DAACB63292B8316009584B8 /* FeelJournalModel.xcdatamodeld */,
			);
			path = CoreData;
			sourceTree = "<group>";
		};
		5DAACB66292B848E009584B8 /* Entity */ = {
			isa = PBXGroup;
			children = (
				5DAACB67292B849C009584B8 /* JournalEntryItem */,
			);
			path = Entity;
			sourceTree = "<group>";
		};
		5DAACB67292B849C009584B8 /* JournalEntryItem */ = {
			isa = PBXGroup;
			children = (
				5DAACB68292B84BC009584B8 /* JournalEntryItem+CoreDataClass.swift */,
				5DAACB69292B84BC009584B8 /* JournalEntryItem+CoreDataProperties.swift */,
			);
			path = JournalEntryItem;
			sourceTree = "<group>";
		};
/* End PBXGroup section */

/* Begin PBXNativeTarget section */
		5D47AB6C290441E700B779A2 /* FeelJournal */ = {
			isa = PBXNativeTarget;
			buildConfigurationList = 5D47AB7B290441EB00B779A2 /* Build configuration list for PBXNativeTarget "FeelJournal" */;
			buildPhases = (
				5D47AB69290441E700B779A2 /* Sources */,
				5D47AB6A290441E700B779A2 /* Frameworks */,
				5D47AB6B290441E700B779A2 /* Resources */,
			);
			buildRules = (
			);
			dependencies = (
			);
			name = FeelJournal;
			productName = FeelJournal;
			productReference = 5D47AB6D290441E700B779A2 /* FeelJournal.app */;
			productType = "com.apple.product-type.application";
		};
/* End PBXNativeTarget section */

/* Begin PBXProject section */
		5D47AB65290441E700B779A2 /* Project object */ = {
			isa = PBXProject;
			attributes = {
				BuildIndependentTargetsInParallel = 1;
				LastSwiftUpdateCheck = 1400;
				LastUpgradeCheck = 1400;
				TargetAttributes = {
					5D47AB6C290441E700B779A2 = {
						CreatedOnToolsVersion = 14.0.1;
					};
				};
			};
			buildConfigurationList = 5D47AB68290441E700B779A2 /* Build configuration list for PBXProject "FeelJournal" */;
			compatibilityVersion = "Xcode 14.0";
			developmentRegion = en;
			hasScannedForEncodings = 0;
			knownRegions = (
				en,
				Base,
			);
			mainGroup = 5D47AB64290441E700B779A2;
			productRefGroup = 5D47AB6E290441E700B779A2 /* Products */;
			projectDirPath = "";
			projectRoot = "";
			targets = (
				5D47AB6C290441E700B779A2 /* FeelJournal */,
			);
		};
/* End PBXProject section */

/* Begin PBXResourcesBuildPhase section */
		5D47AB6B290441E700B779A2 /* Resources */ = {
			isa = PBXResourcesBuildPhase;
			buildActionMask = 2147483647;
			files = (
				5D47AB78290441EB00B779A2 /* Preview Assets.xcassets in Resources */,
				5D47AB75290441EB00B779A2 /* Assets.xcassets in Resources */,
			);
			runOnlyForDeploymentPostprocessing = 0;
		};
/* End PBXResourcesBuildPhase section */

/* Begin PBXSourcesBuildPhase section */
		5D47AB69290441E700B779A2 /* Sources */ = {
			isa = PBXSourcesBuildPhase;
			buildActionMask = 2147483647;
			files = (
				5D47AB822904F0FD00B779A2 /* HomeView.swift in Sources */,
				5DAACB6A292B84BC009584B8 /* JournalEntryItem+CoreDataClass.swift in Sources */,
				5D47AB73290441E700B779A2 /* RootView.swift in Sources */,
				5D47AB71290441E700B779A2 /* FeelJournalApp.swift in Sources */,
				5D47AB842904F11100B779A2 /* HomeViewModel.swift in Sources */,
				5D47AB8F2904F29600B779A2 /* AnalyticsView.swift in Sources */,
				5D47AB8B2904F26500B779A2 /* AddJournalViewModel.swift in Sources */,
				5D47AB892904F25800B779A2 /* AddJournalView.swift in Sources */,
				5DAACB6B292B84BC009584B8 /* JournalEntryItem+CoreDataProperties.swift in Sources */,
				5DAACB65292B8316009584B8 /* FeelJournalModel.xcdatamodeld in Sources */,
				5D47AB912904F2A400B779A2 /* AnalyticsViewModel.swift in Sources */,
				5DAACB6D292CD932009584B8 /* Journal.swift in Sources */,
			);
			runOnlyForDeploymentPostprocessing = 0;
		};
/* End PBXSourcesBuildPhase section */

/* Begin XCBuildConfiguration section */
		5D47AB79290441EB00B779A2 /* Debug */ = {
			isa = XCBuildConfiguration;
			buildSettings = {
				ALWAYS_SEARCH_USER_PATHS = NO;
				CLANG_ANALYZER_NONNULL = YES;
				CLANG_ANALYZER_NUMBER_OBJECT_CONVERSION = YES_AGGRESSIVE;
				CLANG_CXX_LANGUAGE_STANDARD = "gnu++20";
				CLANG_ENABLE_MODULES = YES;
				CLANG_ENABLE_OBJC_ARC = YES;
				CLANG_ENABLE_OBJC_WEAK = YES;
				CLANG_WARN_BLOCK_CAPTURE_AUTORELEASING = YES;
				CLANG_WARN_BOOL_CONVERSION = YES;
				CLANG_WARN_COMMA = YES;
				CLANG_WARN_CONSTANT_CONVERSION = YES;
				CLANG_WARN_DEPRECATED_OBJC_IMPLEMENTATIONS = YES;
				CLANG_WARN_DIRECT_OBJC_ISA_USAGE = YES_ERROR;
				CLANG_WARN_DOCUMENTATION_COMMENTS = YES;
				CLANG_WARN_EMPTY_BODY = YES;
				CLANG_WARN_ENUM_CONVERSION = YES;
				CLANG_WARN_INFINITE_RECURSION = YES;
				CLANG_WARN_INT_CONVERSION = YES;
				CLANG_WARN_NON_LITERAL_NULL_CONVERSION = YES;
				CLANG_WARN_OBJC_IMPLICIT_RETAIN_SELF = YES;
				CLANG_WARN_OBJC_LITERAL_CONVERSION = YES;
				CLANG_WARN_OBJC_ROOT_CLASS = YES_ERROR;
				CLANG_WARN_QUOTED_INCLUDE_IN_FRAMEWORK_HEADER = YES;
				CLANG_WARN_RANGE_LOOP_ANALYSIS = YES;
				CLANG_WARN_STRICT_PROTOTYPES = YES;
				CLANG_WARN_SUSPICIOUS_MOVE = YES;
				CLANG_WARN_UNGUARDED_AVAILABILITY = YES_AGGRESSIVE;
				CLANG_WARN_UNREACHABLE_CODE = YES;
				CLANG_WARN__DUPLICATE_METHOD_MATCH = YES;
				COPY_PHASE_STRIP = NO;
				DEBUG_INFORMATION_FORMAT = dwarf;
				ENABLE_STRICT_OBJC_MSGSEND = YES;
				ENABLE_TESTABILITY = YES;
				GCC_C_LANGUAGE_STANDARD = gnu11;
				GCC_DYNAMIC_NO_PIC = NO;
				GCC_NO_COMMON_BLOCKS = YES;
				GCC_OPTIMIZATION_LEVEL = 0;
				GCC_PREPROCESSOR_DEFINITIONS = (
					"DEBUG=1",
					"$(inherited)",
				);
				GCC_WARN_64_TO_32_BIT_CONVERSION = YES;
				GCC_WARN_ABOUT_RETURN_TYPE = YES_ERROR;
				GCC_WARN_UNDECLARED_SELECTOR = YES;
				GCC_WARN_UNINITIALIZED_AUTOS = YES_AGGRESSIVE;
				GCC_WARN_UNUSED_FUNCTION = YES;
				GCC_WARN_UNUSED_VARIABLE = YES;
				IPHONEOS_DEPLOYMENT_TARGET = 16.0;
				MTL_ENABLE_DEBUG_INFO = INCLUDE_SOURCE;
				MTL_FAST_MATH = YES;
				ONLY_ACTIVE_ARCH = YES;
				SDKROOT = iphoneos;
				SWIFT_ACTIVE_COMPILATION_CONDITIONS = DEBUG;
				SWIFT_OPTIMIZATION_LEVEL = "-Onone";
			};
			name = Debug;
		};
		5D47AB7A290441EB00B779A2 /* Release */ = {
			isa = XCBuildConfiguration;
			buildSettings = {
				ALWAYS_SEARCH_USER_PATHS = NO;
				CLANG_ANALYZER_NONNULL = YES;
				CLANG_ANALYZER_NUMBER_OBJECT_CONVERSION = YES_AGGRESSIVE;
				CLANG_CXX_LANGUAGE_STANDARD = "gnu++20";
				CLANG_ENABLE_MODULES = YES;
				CLANG_ENABLE_OBJC_ARC = YES;
				CLANG_ENABLE_OBJC_WEAK = YES;
				CLANG_WARN_BLOCK_CAPTURE_AUTORELEASING = YES;
				CLANG_WARN_BOOL_CONVERSION = YES;
				CLANG_WARN_COMMA = YES;
				CLANG_WARN_CONSTANT_CONVERSION = YES;
				CLANG_WARN_DEPRECATED_OBJC_IMPLEMENTATIONS = YES;
				CLANG_WARN_DIRECT_OBJC_ISA_USAGE = YES_ERROR;
				CLANG_WARN_DOCUMENTATION_COMMENTS = YES;
				CLANG_WARN_EMPTY_BODY = YES;
				CLANG_WARN_ENUM_CONVERSION = YES;
				CLANG_WARN_INFINITE_RECURSION = YES;
				CLANG_WARN_INT_CONVERSION = YES;
				CLANG_WARN_NON_LITERAL_NULL_CONVERSION = YES;
				CLANG_WARN_OBJC_IMPLICIT_RETAIN_SELF = YES;
				CLANG_WARN_OBJC_LITERAL_CONVERSION = YES;
				CLANG_WARN_OBJC_ROOT_CLASS = YES_ERROR;
				CLANG_WARN_QUOTED_INCLUDE_IN_FRAMEWORK_HEADER = YES;
				CLANG_WARN_RANGE_LOOP_ANALYSIS = YES;
				CLANG_WARN_STRICT_PROTOTYPES = YES;
				CLANG_WARN_SUSPICIOUS_MOVE = YES;
				CLANG_WARN_UNGUARDED_AVAILABILITY = YES_AGGRESSIVE;
				CLANG_WARN_UNREACHABLE_CODE = YES;
				CLANG_WARN__DUPLICATE_METHOD_MATCH = YES;
				COPY_PHASE_STRIP = NO;
				DEBUG_INFORMATION_FORMAT = "dwarf-with-dsym";
				ENABLE_NS_ASSERTIONS = NO;
				ENABLE_STRICT_OBJC_MSGSEND = YES;
				GCC_C_LANGUAGE_STANDARD = gnu11;
				GCC_NO_COMMON_BLOCKS = YES;
				GCC_WARN_64_TO_32_BIT_CONVERSION = YES;
				GCC_WARN_ABOUT_RETURN_TYPE = YES_ERROR;
				GCC_WARN_UNDECLARED_SELECTOR = YES;
				GCC_WARN_UNINITIALIZED_AUTOS = YES_AGGRESSIVE;
				GCC_WARN_UNUSED_FUNCTION = YES;
				GCC_WARN_UNUSED_VARIABLE = YES;
				IPHONEOS_DEPLOYMENT_TARGET = 16.0;
				MTL_ENABLE_DEBUG_INFO = NO;
				MTL_FAST_MATH = YES;
				SDKROOT = iphoneos;
				SWIFT_COMPILATION_MODE = wholemodule;
				SWIFT_OPTIMIZATION_LEVEL = "-O";
				VALIDATE_PRODUCT = YES;
			};
			name = Release;
		};
		5D47AB7C290441EB00B779A2 /* Debug */ = {
			isa = XCBuildConfiguration;
			buildSettings = {
				ASSETCATALOG_COMPILER_APPICON_NAME = AppIcon;
				ASSETCATALOG_COMPILER_GLOBAL_ACCENT_COLOR_NAME = AccentColor;
				CODE_SIGN_STYLE = Automatic;
				CURRENT_PROJECT_VERSION = 5;
				DEVELOPMENT_ASSET_PATHS = "\"FeelJournal/Preview Content\"";
				DEVELOPMENT_TEAM = 3USSPQR589;
				ENABLE_PREVIEWS = YES;
				GENERATE_INFOPLIST_FILE = YES;
				INFOPLIST_KEY_LSApplicationCategoryType = "public.app-category.lifestyle";
				INFOPLIST_KEY_UIApplicationSceneManifest_Generation = YES;
				INFOPLIST_KEY_UIApplicationSupportsIndirectInputEvents = YES;
				INFOPLIST_KEY_UILaunchScreen_Generation = YES;
				INFOPLIST_KEY_UISupportedInterfaceOrientations = UIInterfaceOrientationPortrait;
				LD_RUNPATH_SEARCH_PATHS = (
					"$(inherited)",
					"@executable_path/Frameworks",
				);
				MARKETING_VERSION = 2.0;
				PRODUCT_BUNDLE_IDENTIFIER = am.dx.kevinjonathan.FeelJournal;
				PRODUCT_NAME = "$(TARGET_NAME)";
				SUPPORTED_PLATFORMS = "iphoneos iphonesimulator";
				SUPPORTS_MACCATALYST = NO;
				SUPPORTS_MAC_DESIGNED_FOR_IPHONE_IPAD = YES;
				SWIFT_EMIT_LOC_STRINGS = YES;
				SWIFT_VERSION = 5.0;
				TARGETED_DEVICE_FAMILY = 1;
			};
			name = Debug;
		};
		5D47AB7D290441EB00B779A2 /* Release */ = {
			isa = XCBuildConfiguration;
			buildSettings = {
				ASSETCATALOG_COMPILER_APPICON_NAME = AppIcon;
				ASSETCATALOG_COMPILER_GLOBAL_ACCENT_COLOR_NAME = AccentColor;
				CODE_SIGN_STYLE = Automatic;
				CURRENT_PROJECT_VERSION = 5;
				DEVELOPMENT_ASSET_PATHS = "\"FeelJournal/Preview Content\"";
				DEVELOPMENT_TEAM = 3USSPQR589;
				ENABLE_PREVIEWS = YES;
				GENERATE_INFOPLIST_FILE = YES;
				INFOPLIST_KEY_LSApplicationCategoryType = "public.app-category.lifestyle";
				INFOPLIST_KEY_UIApplicationSceneManifest_Generation = YES;
				INFOPLIST_KEY_UIApplicationSupportsIndirectInputEvents = YES;
				INFOPLIST_KEY_UILaunchScreen_Generation = YES;
				INFOPLIST_KEY_UISupportedInterfaceOrientations = UIInterfaceOrientationPortrait;
				LD_RUNPATH_SEARCH_PATHS = (
					"$(inherited)",
					"@executable_path/Frameworks",
				);
				MARKETING_VERSION = 2.0;
				PRODUCT_BUNDLE_IDENTIFIER = am.dx.kevinjonathan.FeelJournal;
				PRODUCT_NAME = "$(TARGET_NAME)";
				SUPPORTED_PLATFORMS = "iphoneos iphonesimulator";
				SUPPORTS_MACCATALYST = NO;
				SUPPORTS_MAC_DESIGNED_FOR_IPHONE_IPAD = YES;
				SWIFT_EMIT_LOC_STRINGS = YES;
				SWIFT_VERSION = 5.0;
				TARGETED_DEVICE_FAMILY = 1;
			};
			name = Release;
		};
/* End XCBuildConfiguration section */

/* Begin XCConfigurationList section */
		5D47AB68290441E700B779A2 /* Build configuration list for PBXProject "FeelJournal" */ = {
			isa = XCConfigurationList;
			buildConfigurations = (
				5D47AB79290441EB00B779A2 /* Debug */,
				5D47AB7A290441EB00B779A2 /* Release */,
			);
			defaultConfigurationIsVisible = 0;
			defaultConfigurationName = Release;
		};
		5D47AB7B290441EB00B779A2 /* Build configuration list for PBXNativeTarget "FeelJournal" */ = {
			isa = XCConfigurationList;
			buildConfigurations = (
				5D47AB7C290441EB00B779A2 /* Debug */,
				5D47AB7D290441EB00B779A2 /* Release */,
			);
			defaultConfigurationIsVisible = 0;
			defaultConfigurationName = Release;
		};
/* End XCConfigurationList section */

/* Begin XCVersionGroup section */
		5DAACB63292B8316009584B8 /* FeelJournalModel.xcdatamodeld */ = {
			isa = XCVersionGroup;
			children = (
				5DAACB64292B8316009584B8 /* FeelJournalModel.xcdatamodel */,
			);
			currentVersion = 5DAACB64292B8316009584B8 /* FeelJournalModel.xcdatamodel */;
			path = FeelJournalModel.xcdatamodeld;
			sourceTree = "<group>";
			versionGroupType = wrapper.xcdatamodel;
		};
/* End XCVersionGroup section */
	};
	rootObject = 5D47AB65290441E700B779A2 /* Project object */;
}
