// !$*UTF8*$!
{
	archiveVersion = 1;
	classes = {
	};
	objectVersion = 56;
	objects = {

/* Begin PBXBuildFile section */
		5D17EB4029DD812000210D2A /* .swiftlint.yml in Resources */ = {isa = PBXBuildFile; fileRef = 5D17EB3F29DD812000210D2A /* .swiftlint.yml */; };
		5D36FB68296D8D3E00D888CC /* FeelJournalTests.swift in Sources */ = {isa = PBXBuildFile; fileRef = 5D36FB67296D8D3E00D888CC /* FeelJournalTests.swift */; };
		5D47AB71290441E700B779A2 /* FeelJournalApp.swift in Sources */ = {isa = PBXBuildFile; fileRef = 5D47AB70290441E700B779A2 /* FeelJournalApp.swift */; };
		5D47AB73290441E700B779A2 /* RootView.swift in Sources */ = {isa = PBXBuildFile; fileRef = 5D47AB72290441E700B779A2 /* RootView.swift */; };
		5D47AB75290441EB00B779A2 /* Assets.xcassets in Resources */ = {isa = PBXBuildFile; fileRef = 5D47AB74290441EB00B779A2 /* Assets.xcassets */; };
		5D47AB78290441EB00B779A2 /* Preview Assets.xcassets in Resources */ = {isa = PBXBuildFile; fileRef = 5D47AB77290441EB00B779A2 /* Preview Assets.xcassets */; };
		5D47AB822904F0FD00B779A2 /* HomeView.swift in Sources */ = {isa = PBXBuildFile; fileRef = 5D47AB812904F0FD00B779A2 /* HomeView.swift */; };
		5D47AB842904F11100B779A2 /* HomePresenter.swift in Sources */ = {isa = PBXBuildFile; fileRef = 5D47AB832904F11100B779A2 /* HomePresenter.swift */; };
		5D47AB892904F25800B779A2 /* AddJournalView.swift in Sources */ = {isa = PBXBuildFile; fileRef = 5D47AB882904F25800B779A2 /* AddJournalView.swift */; };
		5D47AB8B2904F26500B779A2 /* AddJournalPresenter.swift in Sources */ = {isa = PBXBuildFile; fileRef = 5D47AB8A2904F26500B779A2 /* AddJournalPresenter.swift */; };
		5D47AB8F2904F29600B779A2 /* AnalyticsView.swift in Sources */ = {isa = PBXBuildFile; fileRef = 5D47AB8E2904F29600B779A2 /* AnalyticsView.swift */; };
		5D47AB912904F2A400B779A2 /* AnalyticsPresenter.swift in Sources */ = {isa = PBXBuildFile; fileRef = 5D47AB902904F2A400B779A2 /* AnalyticsPresenter.swift */; };
		5D7013C929A2202300C5E1B7 /* NavigationController.swift in Sources */ = {isa = PBXBuildFile; fileRef = 5D7013C829A2202300C5E1B7 /* NavigationController.swift */; };
		5D791C28297449720086032A /* .swiftlint.yml in Resources */ = {isa = PBXBuildFile; fileRef = 5D791C27297449720086032A /* .swiftlint.yml */; };
		5D9E524E2979049600335294 /* Path.swift in Sources */ = {isa = PBXBuildFile; fileRef = 5D9E524D2979049600335294 /* Path.swift */; };
		5D9E5250297904B500335294 /* ViewRouter.swift in Sources */ = {isa = PBXBuildFile; fileRef = 5D9E524F297904B500335294 /* ViewRouter.swift */; };
		5D9E52542979072200335294 /* Provider.swift in Sources */ = {isa = PBXBuildFile; fileRef = 5D9E52532979072200335294 /* Provider.swift */; };
		5D9E5257297907EA00335294 /* Realm in Frameworks */ = {isa = PBXBuildFile; productRef = 5D9E5256297907EA00335294 /* Realm */; };
		5D9E5259297907EA00335294 /* RealmSwift in Frameworks */ = {isa = PBXBuildFile; productRef = 5D9E5258297907EA00335294 /* RealmSwift */; };
		5D9E525B2979087100335294 /* HomeInteractor.swift in Sources */ = {isa = PBXBuildFile; fileRef = 5D9E525A2979087100335294 /* HomeInteractor.swift */; };
		5D9E525D29790B7000335294 /* FeelJournalRepository.swift in Sources */ = {isa = PBXBuildFile; fileRef = 5D9E525C29790B7000335294 /* FeelJournalRepository.swift */; };
		5D9E526029790B9B00335294 /* LocaleDataSource.swift in Sources */ = {isa = PBXBuildFile; fileRef = 5D9E525F29790B9B00335294 /* LocaleDataSource.swift */; };
		5D9E526329790C1F00335294 /* JournalEntity.swift in Sources */ = {isa = PBXBuildFile; fileRef = 5D9E526229790C1F00335294 /* JournalEntity.swift */; };
		5D9E526729790D7300335294 /* CustomError.swift in Sources */ = {isa = PBXBuildFile; fileRef = 5D9E526629790D7300335294 /* CustomError.swift */; };
		5D9E526929790DA500335294 /* LocalizationExtension.swift in Sources */ = {isa = PBXBuildFile; fileRef = 5D9E526829790DA500335294 /* LocalizationExtension.swift */; };
		5D9E526B29790DCD00335294 /* ResultExtension.swift in Sources */ = {isa = PBXBuildFile; fileRef = 5D9E526A29790DCD00335294 /* ResultExtension.swift */; };
		5D9E526E29790F1E00335294 /* JournalMapper.swift in Sources */ = {isa = PBXBuildFile; fileRef = 5D9E526D29790F1E00335294 /* JournalMapper.swift */; };
		5D9E5271297919A600335294 /* ViewState.swift in Sources */ = {isa = PBXBuildFile; fileRef = 5D9E5270297919A600335294 /* ViewState.swift */; };
		5D9E5273297937B000335294 /* ViewExtension.swift in Sources */ = {isa = PBXBuildFile; fileRef = 5D9E5272297937B000335294 /* ViewExtension.swift */; };
		5D9E5276297937F100335294 /* HideKeyboardModifier.swift in Sources */ = {isa = PBXBuildFile; fileRef = 5D9E5275297937F100335294 /* HideKeyboardModifier.swift */; };
		5D9E52782979460E00335294 /* AddJournalInteractor.swift in Sources */ = {isa = PBXBuildFile; fileRef = 5D9E52772979460E00335294 /* AddJournalInteractor.swift */; };
		5DAACB6D292CD932009584B8 /* JournalModel.swift in Sources */ = {isa = PBXBuildFile; fileRef = 5DAACB6C292CD932009584B8 /* JournalModel.swift */; };
		5DAACB71292F906C009584B8 /* Router.swift in Sources */ = {isa = PBXBuildFile; fileRef = 5DAACB70292F906C009584B8 /* Router.swift */; };
		5DAACB74292F98AF009584B8 /* JournalDetailView.swift in Sources */ = {isa = PBXBuildFile; fileRef = 5DAACB73292F98AF009584B8 /* JournalDetailView.swift */; };
		5DBAE4842AE01034002AF3BF /* TabState.swift in Sources */ = {isa = PBXBuildFile; fileRef = 5DBAE4832AE01034002AF3BF /* TabState.swift */; };
		5DBAE4872AE0235D002AF3BF /* CommonTabView.swift in Sources */ = {isa = PBXBuildFile; fileRef = 5DBAE4862AE0235D002AF3BF /* CommonTabView.swift */; };
		5DCCD4FC29D2E84400575BB8 /* LaunchScreen.storyboard in Resources */ = {isa = PBXBuildFile; fileRef = 5DCCD4FB29D2E84400575BB8 /* LaunchScreen.storyboard */; };
		5DCCD4FE29D5910500575BB8 /* FeelJournalUITests.swift in Sources */ = {isa = PBXBuildFile; fileRef = 5DCCD4FD29D5910500575BB8 /* FeelJournalUITests.swift */; };
		5DD18B2329B5F27C008E6FE5 /* EventPublisher.swift in Sources */ = {isa = PBXBuildFile; fileRef = 5DD18B2229B5F27C008E6FE5 /* EventPublisher.swift */; };
		5DD18B2729BB2428008E6FE5 /* CommonCard.swift in Sources */ = {isa = PBXBuildFile; fileRef = 5DD18B2629BB2428008E6FE5 /* CommonCard.swift */; };
		5DD18B2929BB38AF008E6FE5 /* DateExtension.swift in Sources */ = {isa = PBXBuildFile; fileRef = 5DD18B2829BB38AF008E6FE5 /* DateExtension.swift */; };
		5DDA802D29CDCD020049589A /* LocalStorageManager.swift in Sources */ = {isa = PBXBuildFile; fileRef = 5DDA802C29CDCD020049589A /* LocalStorageManager.swift */; };
		5DDA803229CEEB120049589A /* OnboardingView.swift in Sources */ = {isa = PBXBuildFile; fileRef = 5DDA803129CEEB120049589A /* OnboardingView.swift */; };
		5DDA803529CEF0CE0049589A /* SettingsView.swift in Sources */ = {isa = PBXBuildFile; fileRef = 5DDA803429CEF0CE0049589A /* SettingsView.swift */; };
		5DDA803729CF4C530049589A /* NotificationManager.swift in Sources */ = {isa = PBXBuildFile; fileRef = 5DDA803629CF4C530049589A /* NotificationManager.swift */; };
		5DDA803B29CF4CFB0049589A /* DateHelper.swift in Sources */ = {isa = PBXBuildFile; fileRef = 5DDA803A29CF4CFB0049589A /* DateHelper.swift */; };
		5DDA804E29D05B880049589A /* Realm in Frameworks */ = {isa = PBXBuildFile; productRef = 5DDA804D29D05B880049589A /* Realm */; };
		5DDA805029D05B8C0049589A /* RealmSwift in Frameworks */ = {isa = PBXBuildFile; productRef = 5DDA804F29D05B8C0049589A /* RealmSwift */; };
		5DDC3EAB29C1CFCD00EFE1CB /* AppDelegate.swift in Sources */ = {isa = PBXBuildFile; fileRef = 5DDC3EAA29C1CFCD00EFE1CB /* AppDelegate.swift */; };
		5DDC3EAC29C1CFCD00EFE1CB /* AppDelegate.swift in Sources */ = {isa = PBXBuildFile; fileRef = 5DDC3EAA29C1CFCD00EFE1CB /* AppDelegate.swift */; };
		5DE04DB429CDA28B008A79A8 /* JournalDetailPresenter.swift in Sources */ = {isa = PBXBuildFile; fileRef = 5DE04DB329CDA28B008A79A8 /* JournalDetailPresenter.swift */; };
		5DE04DB629CDA3FE008A79A8 /* JournalDetailInteractor.swift in Sources */ = {isa = PBXBuildFile; fileRef = 5DE04DB529CDA3FE008A79A8 /* JournalDetailInteractor.swift */; };
		5DED78E529F7DDA20076F8BF /* SceneDelegate.swift in Sources */ = {isa = PBXBuildFile; fileRef = 5DED78E429F7DDA20076F8BF /* SceneDelegate.swift */; };
		5DF3C0F229E6306C00DF6622 /* CommonFloatingButton.swift in Sources */ = {isa = PBXBuildFile; fileRef = 5DF3C0F129E6306C00DF6622 /* CommonFloatingButton.swift */; };
		5DF97270298D23D80007B336 /* NaturalLanguageProcessor.swift in Sources */ = {isa = PBXBuildFile; fileRef = 5DF9726F298D23D80007B336 /* NaturalLanguageProcessor.swift */; };
		5DF9727229962AE60007B336 /* AnalyticsInteractor.swift in Sources */ = {isa = PBXBuildFile; fileRef = 5DF9727129962AE60007B336 /* AnalyticsInteractor.swift */; };
/* End PBXBuildFile section */

/* Begin PBXContainerItemProxy section */
		5D36FB69296D8D3E00D888CC /* PBXContainerItemProxy */ = {
			isa = PBXContainerItemProxy;
			containerPortal = 5D47AB65290441E700B779A2 /* Project object */;
			proxyType = 1;
			remoteGlobalIDString = 5D47AB6C290441E700B779A2;
			remoteInfo = FeelJournal;
		};
/* End PBXContainerItemProxy section */

/* Begin PBXFileReference section */
		5D17EB3F29DD812000210D2A /* .swiftlint.yml */ = {isa = PBXFileReference; fileEncoding = 4; lastKnownFileType = text.yaml; name = .swiftlint.yml; path = FeelJournal/.swiftlint.yml; sourceTree = SOURCE_ROOT; };
		5D36FB65296D8D3E00D888CC /* FeelJournalTests.xctest */ = {isa = PBXFileReference; explicitFileType = wrapper.cfbundle; includeInIndex = 0; path = FeelJournalTests.xctest; sourceTree = BUILT_PRODUCTS_DIR; };
		5D36FB67296D8D3E00D888CC /* FeelJournalTests.swift */ = {isa = PBXFileReference; lastKnownFileType = sourcecode.swift; path = FeelJournalTests.swift; sourceTree = "<group>"; };
		5D47AB6D290441E700B779A2 /* FeelJournal.app */ = {isa = PBXFileReference; explicitFileType = wrapper.application; includeInIndex = 0; path = FeelJournal.app; sourceTree = BUILT_PRODUCTS_DIR; };
		5D47AB70290441E700B779A2 /* FeelJournalApp.swift */ = {isa = PBXFileReference; lastKnownFileType = sourcecode.swift; path = FeelJournalApp.swift; sourceTree = "<group>"; };
		5D47AB72290441E700B779A2 /* RootView.swift */ = {isa = PBXFileReference; lastKnownFileType = sourcecode.swift; path = RootView.swift; sourceTree = "<group>"; };
		5D47AB74290441EB00B779A2 /* Assets.xcassets */ = {isa = PBXFileReference; lastKnownFileType = folder.assetcatalog; path = Assets.xcassets; sourceTree = "<group>"; };
		5D47AB77290441EB00B779A2 /* Preview Assets.xcassets */ = {isa = PBXFileReference; lastKnownFileType = folder.assetcatalog; path = "Preview Assets.xcassets"; sourceTree = "<group>"; };
		5D47AB812904F0FD00B779A2 /* HomeView.swift */ = {isa = PBXFileReference; lastKnownFileType = sourcecode.swift; path = HomeView.swift; sourceTree = "<group>"; };
		5D47AB832904F11100B779A2 /* HomePresenter.swift */ = {isa = PBXFileReference; lastKnownFileType = sourcecode.swift; path = HomePresenter.swift; sourceTree = "<group>"; };
		5D47AB882904F25800B779A2 /* AddJournalView.swift */ = {isa = PBXFileReference; lastKnownFileType = sourcecode.swift; path = AddJournalView.swift; sourceTree = "<group>"; };
		5D47AB8A2904F26500B779A2 /* AddJournalPresenter.swift */ = {isa = PBXFileReference; lastKnownFileType = sourcecode.swift; path = AddJournalPresenter.swift; sourceTree = "<group>"; };
		5D47AB8E2904F29600B779A2 /* AnalyticsView.swift */ = {isa = PBXFileReference; lastKnownFileType = sourcecode.swift; path = AnalyticsView.swift; sourceTree = "<group>"; };
		5D47AB902904F2A400B779A2 /* AnalyticsPresenter.swift */ = {isa = PBXFileReference; lastKnownFileType = sourcecode.swift; path = AnalyticsPresenter.swift; sourceTree = "<group>"; };
		5D7013C829A2202300C5E1B7 /* NavigationController.swift */ = {isa = PBXFileReference; lastKnownFileType = sourcecode.swift; path = NavigationController.swift; sourceTree = "<group>"; };
		5D791C27297449720086032A /* .swiftlint.yml */ = {isa = PBXFileReference; lastKnownFileType = text.yaml; path = .swiftlint.yml; sourceTree = "<group>"; };
		5D9E524D2979049600335294 /* Path.swift */ = {isa = PBXFileReference; lastKnownFileType = sourcecode.swift; path = Path.swift; sourceTree = "<group>"; };
		5D9E524F297904B500335294 /* ViewRouter.swift */ = {isa = PBXFileReference; lastKnownFileType = sourcecode.swift; path = ViewRouter.swift; sourceTree = "<group>"; };
		5D9E52532979072200335294 /* Provider.swift */ = {isa = PBXFileReference; lastKnownFileType = sourcecode.swift; path = Provider.swift; sourceTree = "<group>"; };
		5D9E525A2979087100335294 /* HomeInteractor.swift */ = {isa = PBXFileReference; lastKnownFileType = sourcecode.swift; path = HomeInteractor.swift; sourceTree = "<group>"; };
		5D9E525C29790B7000335294 /* FeelJournalRepository.swift */ = {isa = PBXFileReference; lastKnownFileType = sourcecode.swift; path = FeelJournalRepository.swift; sourceTree = "<group>"; };
		5D9E525F29790B9B00335294 /* LocaleDataSource.swift */ = {isa = PBXFileReference; lastKnownFileType = sourcecode.swift; path = LocaleDataSource.swift; sourceTree = "<group>"; };
		5D9E526229790C1F00335294 /* JournalEntity.swift */ = {isa = PBXFileReference; lastKnownFileType = sourcecode.swift; path = JournalEntity.swift; sourceTree = "<group>"; };
		5D9E526629790D7300335294 /* CustomError.swift */ = {isa = PBXFileReference; lastKnownFileType = sourcecode.swift; path = CustomError.swift; sourceTree = "<group>"; };
		5D9E526829790DA500335294 /* LocalizationExtension.swift */ = {isa = PBXFileReference; lastKnownFileType = sourcecode.swift; path = LocalizationExtension.swift; sourceTree = "<group>"; };
		5D9E526A29790DCD00335294 /* ResultExtension.swift */ = {isa = PBXFileReference; lastKnownFileType = sourcecode.swift; path = ResultExtension.swift; sourceTree = "<group>"; };
		5D9E526D29790F1E00335294 /* JournalMapper.swift */ = {isa = PBXFileReference; lastKnownFileType = sourcecode.swift; path = JournalMapper.swift; sourceTree = "<group>"; };
		5D9E5270297919A600335294 /* ViewState.swift */ = {isa = PBXFileReference; lastKnownFileType = sourcecode.swift; path = ViewState.swift; sourceTree = "<group>"; };
		5D9E5272297937B000335294 /* ViewExtension.swift */ = {isa = PBXFileReference; lastKnownFileType = sourcecode.swift; path = ViewExtension.swift; sourceTree = "<group>"; };
		5D9E5275297937F100335294 /* HideKeyboardModifier.swift */ = {isa = PBXFileReference; lastKnownFileType = sourcecode.swift; path = HideKeyboardModifier.swift; sourceTree = "<group>"; };
		5D9E52772979460E00335294 /* AddJournalInteractor.swift */ = {isa = PBXFileReference; lastKnownFileType = sourcecode.swift; path = AddJournalInteractor.swift; sourceTree = "<group>"; };
		5DAACB6C292CD932009584B8 /* JournalModel.swift */ = {isa = PBXFileReference; lastKnownFileType = sourcecode.swift; path = JournalModel.swift; sourceTree = "<group>"; };
		5DAACB70292F906C009584B8 /* Router.swift */ = {isa = PBXFileReference; lastKnownFileType = sourcecode.swift; path = Router.swift; sourceTree = "<group>"; };
		5DAACB73292F98AF009584B8 /* JournalDetailView.swift */ = {isa = PBXFileReference; lastKnownFileType = sourcecode.swift; path = JournalDetailView.swift; sourceTree = "<group>"; };
		5DBAE4832AE01034002AF3BF /* TabState.swift */ = {isa = PBXFileReference; lastKnownFileType = sourcecode.swift; path = TabState.swift; sourceTree = "<group>"; };
		5DBAE4862AE0235D002AF3BF /* CommonTabView.swift */ = {isa = PBXFileReference; lastKnownFileType = sourcecode.swift; path = CommonTabView.swift; sourceTree = "<group>"; };
		5DCCD4FB29D2E84400575BB8 /* LaunchScreen.storyboard */ = {isa = PBXFileReference; fileEncoding = 4; lastKnownFileType = file.storyboard; path = LaunchScreen.storyboard; sourceTree = "<group>"; };
		5DCCD4FD29D5910500575BB8 /* FeelJournalUITests.swift */ = {isa = PBXFileReference; lastKnownFileType = sourcecode.swift; path = FeelJournalUITests.swift; sourceTree = "<group>"; };
		5DD18B2229B5F27C008E6FE5 /* EventPublisher.swift */ = {isa = PBXFileReference; lastKnownFileType = sourcecode.swift; path = EventPublisher.swift; sourceTree = "<group>"; };
		5DD18B2629BB2428008E6FE5 /* CommonCard.swift */ = {isa = PBXFileReference; lastKnownFileType = sourcecode.swift; path = CommonCard.swift; sourceTree = "<group>"; };
		5DD18B2829BB38AF008E6FE5 /* DateExtension.swift */ = {isa = PBXFileReference; lastKnownFileType = sourcecode.swift; path = DateExtension.swift; sourceTree = "<group>"; };
		5DD18B2A29BF2924008E6FE5 /* Info.plist */ = {isa = PBXFileReference; lastKnownFileType = text.plist.xml; path = Info.plist; sourceTree = "<group>"; };
		5DDA802C29CDCD020049589A /* LocalStorageManager.swift */ = {isa = PBXFileReference; lastKnownFileType = sourcecode.swift; path = LocalStorageManager.swift; sourceTree = "<group>"; };
		5DDA803129CEEB120049589A /* OnboardingView.swift */ = {isa = PBXFileReference; lastKnownFileType = sourcecode.swift; path = OnboardingView.swift; sourceTree = "<group>"; };
		5DDA803429CEF0CE0049589A /* SettingsView.swift */ = {isa = PBXFileReference; lastKnownFileType = sourcecode.swift; path = SettingsView.swift; sourceTree = "<group>"; };
		5DDA803629CF4C530049589A /* NotificationManager.swift */ = {isa = PBXFileReference; lastKnownFileType = sourcecode.swift; path = NotificationManager.swift; sourceTree = "<group>"; };
		5DDA803A29CF4CFB0049589A /* DateHelper.swift */ = {isa = PBXFileReference; lastKnownFileType = sourcecode.swift; path = DateHelper.swift; sourceTree = "<group>"; };
		5DDC3EAA29C1CFCD00EFE1CB /* AppDelegate.swift */ = {isa = PBXFileReference; lastKnownFileType = sourcecode.swift; path = AppDelegate.swift; sourceTree = "<group>"; };
		5DE04DB329CDA28B008A79A8 /* JournalDetailPresenter.swift */ = {isa = PBXFileReference; lastKnownFileType = sourcecode.swift; path = JournalDetailPresenter.swift; sourceTree = "<group>"; };
		5DE04DB529CDA3FE008A79A8 /* JournalDetailInteractor.swift */ = {isa = PBXFileReference; lastKnownFileType = sourcecode.swift; path = JournalDetailInteractor.swift; sourceTree = "<group>"; };
		5DED78E429F7DDA20076F8BF /* SceneDelegate.swift */ = {isa = PBXFileReference; lastKnownFileType = sourcecode.swift; path = SceneDelegate.swift; sourceTree = "<group>"; };
		5DF3C0F129E6306C00DF6622 /* CommonFloatingButton.swift */ = {isa = PBXFileReference; lastKnownFileType = sourcecode.swift; path = CommonFloatingButton.swift; sourceTree = "<group>"; };
		5DF9726F298D23D80007B336 /* NaturalLanguageProcessor.swift */ = {isa = PBXFileReference; lastKnownFileType = sourcecode.swift; path = NaturalLanguageProcessor.swift; sourceTree = "<group>"; };
		5DF9727129962AE60007B336 /* AnalyticsInteractor.swift */ = {isa = PBXFileReference; lastKnownFileType = sourcecode.swift; path = AnalyticsInteractor.swift; sourceTree = "<group>"; };
/* End PBXFileReference section */

/* Begin PBXFrameworksBuildPhase section */
		5D36FB62296D8D3E00D888CC /* Frameworks */ = {
			isa = PBXFrameworksBuildPhase;
			buildActionMask = 2147483647;
			files = (
				5DDA805029D05B8C0049589A /* RealmSwift in Frameworks */,
				5DDA804E29D05B880049589A /* Realm in Frameworks */,
			);
			runOnlyForDeploymentPostprocessing = 0;
		};
		5D47AB6A290441E700B779A2 /* Frameworks */ = {
			isa = PBXFrameworksBuildPhase;
			buildActionMask = 2147483647;
			files = (
				5D9E5259297907EA00335294 /* RealmSwift in Frameworks */,
				5D9E5257297907EA00335294 /* Realm in Frameworks */,
			);
			runOnlyForDeploymentPostprocessing = 0;
		};
/* End PBXFrameworksBuildPhase section */

/* Begin PBXGroup section */
		5D36FB66296D8D3E00D888CC /* FeelJournalTests */ = {
			isa = PBXGroup;
			children = (
				5D36FB67296D8D3E00D888CC /* FeelJournalTests.swift */,
				5DCCD4FD29D5910500575BB8 /* FeelJournalUITests.swift */,
				5D17EB3F29DD812000210D2A /* .swiftlint.yml */,
			);
			path = FeelJournalTests;
			sourceTree = "<group>";
		};
		5D47AB64290441E700B779A2 = {
			isa = PBXGroup;
			children = (
				5D47AB6F290441E700B779A2 /* FeelJournal */,
				5D36FB66296D8D3E00D888CC /* FeelJournalTests */,
				5D47AB6E290441E700B779A2 /* Products */,
				5DDA804C29D021970049589A /* Frameworks */,
			);
			sourceTree = "<group>";
		};
		5D47AB6E290441E700B779A2 /* Products */ = {
			isa = PBXGroup;
			children = (
				5D47AB6D290441E700B779A2 /* FeelJournal.app */,
				5D36FB65296D8D3E00D888CC /* FeelJournalTests.xctest */,
			);
			name = Products;
			sourceTree = "<group>";
		};
		5D47AB6F290441E700B779A2 /* FeelJournal */ = {
			isa = PBXGroup;
			children = (
				5D9E524B2979043400335294 /* App */,
				5DD18B2429BB2339008E6FE5 /* Common */,
				5D47AB7F2904F09900B779A2 /* Connector */,
				5D9E52522979071000335294 /* Core */,
				5D47AB7E2904F07900B779A2 /* Domain */,
				5D47AB872904F1D900B779A2 /* Model */,
				5D47AB76290441EB00B779A2 /* Preview Content */,
				5DD18B2529BB2358008E6FE5 /* Resource */,
				5D9E524C2979047500335294 /* Router */,
				5D9E526429790CED00335294 /* Utility */,
				5D791C27297449720086032A /* .swiftlint.yml */,
			);
			path = FeelJournal;
			sourceTree = "<group>";
		};
		5D47AB76290441EB00B779A2 /* Preview Content */ = {
			isa = PBXGroup;
			children = (
				5D47AB77290441EB00B779A2 /* Preview Assets.xcassets */,
			);
			path = "Preview Content";
			sourceTree = "<group>";
		};
		5D47AB7E2904F07900B779A2 /* Domain */ = {
			isa = PBXGroup;
			children = (
				5D47AB852904F12000B779A2 /* AddJournal */,
				5D47AB862904F17500B779A2 /* Analytics */,
				5D47AB802904F0AF00B779A2 /* Home */,
				5DAACB72292F9884009584B8 /* JournalDetail */,
				5DDA802E29CEEAEA0049589A /* Onboarding */,
				5DDA803329CEF0B40049589A /* Settings */,
			);
			path = Domain;
			sourceTree = "<group>";
		};
		5D47AB7F2904F09900B779A2 /* Connector */ = {
			isa = PBXGroup;
			children = (
				5D9E525E29790B8500335294 /* Locale */,
				5D9E525C29790B7000335294 /* FeelJournalRepository.swift */,
			);
			path = Connector;
			sourceTree = "<group>";
		};
		5D47AB802904F0AF00B779A2 /* Home */ = {
			isa = PBXGroup;
			children = (
				5D47AB812904F0FD00B779A2 /* HomeView.swift */,
				5D47AB832904F11100B779A2 /* HomePresenter.swift */,
				5D9E525A2979087100335294 /* HomeInteractor.swift */,
			);
			path = Home;
			sourceTree = "<group>";
		};
		5D47AB852904F12000B779A2 /* AddJournal */ = {
			isa = PBXGroup;
			children = (
				5D47AB882904F25800B779A2 /* AddJournalView.swift */,
				5D47AB8A2904F26500B779A2 /* AddJournalPresenter.swift */,
				5D9E52772979460E00335294 /* AddJournalInteractor.swift */,
			);
			path = AddJournal;
			sourceTree = "<group>";
		};
		5D47AB862904F17500B779A2 /* Analytics */ = {
			isa = PBXGroup;
			children = (
				5D47AB8E2904F29600B779A2 /* AnalyticsView.swift */,
				5D47AB902904F2A400B779A2 /* AnalyticsPresenter.swift */,
				5DF9727129962AE60007B336 /* AnalyticsInteractor.swift */,
			);
			path = Analytics;
			sourceTree = "<group>";
		};
		5D47AB872904F1D900B779A2 /* Model */ = {
			isa = PBXGroup;
			children = (
				5DAACB6C292CD932009584B8 /* JournalModel.swift */,
			);
			path = Model;
			sourceTree = "<group>";
		};
		5D9E524B2979043400335294 /* App */ = {
			isa = PBXGroup;
			children = (
				5DCCD4FB29D2E84400575BB8 /* LaunchScreen.storyboard */,
				5DDC3EAA29C1CFCD00EFE1CB /* AppDelegate.swift */,
				5D47AB70290441E700B779A2 /* FeelJournalApp.swift */,
				5D47AB72290441E700B779A2 /* RootView.swift */,
				5DED78E429F7DDA20076F8BF /* SceneDelegate.swift */,
			);
			path = App;
			sourceTree = "<group>";
		};
		5D9E524C2979047500335294 /* Router */ = {
			isa = PBXGroup;
			children = (
				5D9E524D2979049600335294 /* Path.swift */,
				5DAACB70292F906C009584B8 /* Router.swift */,
				5D9E524F297904B500335294 /* ViewRouter.swift */,
			);
			path = Router;
			sourceTree = "<group>";
		};
		5D9E52522979071000335294 /* Core */ = {
			isa = PBXGroup;
			children = (
				5DD18B2229B5F27C008E6FE5 /* EventPublisher.swift */,
				5DDA802C29CDCD020049589A /* LocalStorageManager.swift */,
				5DF9726F298D23D80007B336 /* NaturalLanguageProcessor.swift */,
				5D7013C829A2202300C5E1B7 /* NavigationController.swift */,
				5DDA803629CF4C530049589A /* NotificationManager.swift */,
				5D9E52532979072200335294 /* Provider.swift */,
			);
			path = Core;
			sourceTree = "<group>";
		};
		5D9E525E29790B8500335294 /* Locale */ = {
			isa = PBXGroup;
			children = (
				5D9E526129790BA500335294 /* Entity */,
				5D9E525F29790B9B00335294 /* LocaleDataSource.swift */,
			);
			path = Locale;
			sourceTree = "<group>";
		};
		5D9E526129790BA500335294 /* Entity */ = {
			isa = PBXGroup;
			children = (
				5D9E526229790C1F00335294 /* JournalEntity.swift */,
			);
			path = Entity;
			sourceTree = "<group>";
		};
		5D9E526429790CED00335294 /* Utility */ = {
			isa = PBXGroup;
			children = (
				5D9E526F2979199700335294 /* Enum */,
				5D9E526529790D5F00335294 /* Extension */,
				5DDA803C29CF50560049589A /* Helper */,
				5D9E526C29790F0800335294 /* Mapper */,
				5D9E5274297937D900335294 /* Modifier */,
			);
			path = Utility;
			sourceTree = "<group>";
		};
		5D9E526529790D5F00335294 /* Extension */ = {
			isa = PBXGroup;
			children = (
				5DD18B2829BB38AF008E6FE5 /* DateExtension.swift */,
				5D9E526829790DA500335294 /* LocalizationExtension.swift */,
				5D9E526A29790DCD00335294 /* ResultExtension.swift */,
				5D9E5272297937B000335294 /* ViewExtension.swift */,
			);
			path = Extension;
			sourceTree = "<group>";
		};
		5D9E526C29790F0800335294 /* Mapper */ = {
			isa = PBXGroup;
			children = (
				5D9E526D29790F1E00335294 /* JournalMapper.swift */,
			);
			path = Mapper;
			sourceTree = "<group>";
		};
		5D9E526F2979199700335294 /* Enum */ = {
			isa = PBXGroup;
			children = (
				5DBAE4852AE021D8002AF3BF /* State */,
				5D9E526629790D7300335294 /* CustomError.swift */,
			);
			path = Enum;
			sourceTree = "<group>";
		};
		5D9E5274297937D900335294 /* Modifier */ = {
			isa = PBXGroup;
			children = (
				5D9E5275297937F100335294 /* HideKeyboardModifier.swift */,
			);
			path = Modifier;
			sourceTree = "<group>";
		};
		5DAACB72292F9884009584B8 /* JournalDetail */ = {
			isa = PBXGroup;
			children = (
				5DAACB73292F98AF009584B8 /* JournalDetailView.swift */,
				5DE04DB329CDA28B008A79A8 /* JournalDetailPresenter.swift */,
				5DE04DB529CDA3FE008A79A8 /* JournalDetailInteractor.swift */,
			);
			path = JournalDetail;
			sourceTree = "<group>";
		};
		5DBAE4852AE021D8002AF3BF /* State */ = {
			isa = PBXGroup;
			children = (
				5DBAE4832AE01034002AF3BF /* TabState.swift */,
				5D9E5270297919A600335294 /* ViewState.swift */,
			);
			path = State;
			sourceTree = "<group>";
		};
		5DD18B2429BB2339008E6FE5 /* Common */ = {
			isa = PBXGroup;
			children = (
				5DD18B2629BB2428008E6FE5 /* CommonCard.swift */,
				5DF3C0F129E6306C00DF6622 /* CommonFloatingButton.swift */,
				5DBAE4862AE0235D002AF3BF /* CommonTabView.swift */,
			);
			path = Common;
			sourceTree = "<group>";
		};
		5DD18B2529BB2358008E6FE5 /* Resource */ = {
			isa = PBXGroup;
			children = (
				5DD18B2A29BF2924008E6FE5 /* Info.plist */,
				5D47AB74290441EB00B779A2 /* Assets.xcassets */,
			);
			path = Resource;
			sourceTree = "<group>";
		};
		5DDA802E29CEEAEA0049589A /* Onboarding */ = {
			isa = PBXGroup;
			children = (
				5DDA803129CEEB120049589A /* OnboardingView.swift */,
			);
			path = Onboarding;
			sourceTree = "<group>";
		};
		5DDA803329CEF0B40049589A /* Settings */ = {
			isa = PBXGroup;
			children = (
				5DDA803429CEF0CE0049589A /* SettingsView.swift */,
			);
			path = Settings;
			sourceTree = "<group>";
		};
		5DDA803C29CF50560049589A /* Helper */ = {
			isa = PBXGroup;
			children = (
				5DDA803A29CF4CFB0049589A /* DateHelper.swift */,
			);
			path = Helper;
			sourceTree = "<group>";
		};
		5DDA804C29D021970049589A /* Frameworks */ = {
			isa = PBXGroup;
			children = (
			);
			name = Frameworks;
			sourceTree = "<group>";
		};
/* End PBXGroup section */

/* Begin PBXNativeTarget section */
		5D36FB64296D8D3E00D888CC /* FeelJournalTests */ = {
			isa = PBXNativeTarget;
			buildConfigurationList = 5D36FB6D296D8D3E00D888CC /* Build configuration list for PBXNativeTarget "FeelJournalTests" */;
			buildPhases = (
				5D36FB61296D8D3E00D888CC /* Sources */,
				5D36FB62296D8D3E00D888CC /* Frameworks */,
				5D36FB63296D8D3E00D888CC /* Resources */,
				5D791C26297449420086032A /* ShellScript */,
			);
			buildRules = (
			);
			dependencies = (
				5D36FB6A296D8D3E00D888CC /* PBXTargetDependency */,
			);
			name = FeelJournalTests;
			packageProductDependencies = (
				5DDA804D29D05B880049589A /* Realm */,
				5DDA804F29D05B8C0049589A /* RealmSwift */,
			);
			productName = FeelJournalTests;
			productReference = 5D36FB65296D8D3E00D888CC /* FeelJournalTests.xctest */;
			productType = "com.apple.product-type.bundle.unit-test";
		};
		5D47AB6C290441E700B779A2 /* FeelJournal */ = {
			isa = PBXNativeTarget;
			buildConfigurationList = 5D47AB7B290441EB00B779A2 /* Build configuration list for PBXNativeTarget "FeelJournal" */;
			buildPhases = (
				5D47AB69290441E700B779A2 /* Sources */,
				5D47AB6A290441E700B779A2 /* Frameworks */,
				5D47AB6B290441E700B779A2 /* Resources */,
				5D791C2929744EB40086032A /* ShellScript */,
			);
			buildRules = (
			);
			dependencies = (
			);
			name = FeelJournal;
			packageProductDependencies = (
				5D9E5256297907EA00335294 /* Realm */,
				5D9E5258297907EA00335294 /* RealmSwift */,
			);
			productName = FeelJournal;
			productReference = 5D47AB6D290441E700B779A2 /* FeelJournal.app */;
			productType = "com.apple.product-type.application";
		};
/* End PBXNativeTarget section */

/* Begin PBXProject section */
		5D47AB65290441E700B779A2 /* Project object */ = {
			isa = PBXProject;
			attributes = {
				BuildIndependentTargetsInParallel = 1;
				LastSwiftUpdateCheck = 1420;
				LastUpgradeCheck = 1400;
				TargetAttributes = {
					5D36FB64296D8D3E00D888CC = {
						CreatedOnToolsVersion = 14.2;
						TestTargetID = 5D47AB6C290441E700B779A2;
					};
					5D47AB6C290441E700B779A2 = {
						CreatedOnToolsVersion = 14.0.1;
					};
				};
			};
			buildConfigurationList = 5D47AB68290441E700B779A2 /* Build configuration list for PBXProject "FeelJournal" */;
			compatibilityVersion = "Xcode 14.0";
			developmentRegion = en;
			hasScannedForEncodings = 0;
			knownRegions = (
				en,
				Base,
			);
			mainGroup = 5D47AB64290441E700B779A2;
			packageReferences = (
				5D9E5255297907EA00335294 /* XCRemoteSwiftPackageReference "realm-swift" */,
			);
			productRefGroup = 5D47AB6E290441E700B779A2 /* Products */;
			projectDirPath = "";
			projectRoot = "";
			targets = (
				5D47AB6C290441E700B779A2 /* FeelJournal */,
				5D36FB64296D8D3E00D888CC /* FeelJournalTests */,
			);
		};
/* End PBXProject section */

/* Begin PBXResourcesBuildPhase section */
		5D36FB63296D8D3E00D888CC /* Resources */ = {
			isa = PBXResourcesBuildPhase;
			buildActionMask = 2147483647;
			files = (
				5D17EB4029DD812000210D2A /* .swiftlint.yml in Resources */,
			);
			runOnlyForDeploymentPostprocessing = 0;
		};
		5D47AB6B290441E700B779A2 /* Resources */ = {
			isa = PBXResourcesBuildPhase;
			buildActionMask = 2147483647;
			files = (
				5D791C28297449720086032A /* .swiftlint.yml in Resources */,
				5D47AB78290441EB00B779A2 /* Preview Assets.xcassets in Resources */,
				5DCCD4FC29D2E84400575BB8 /* LaunchScreen.storyboard in Resources */,
				5D47AB75290441EB00B779A2 /* Assets.xcassets in Resources */,
			);
			runOnlyForDeploymentPostprocessing = 0;
		};
/* End PBXResourcesBuildPhase section */

/* Begin PBXShellScriptBuildPhase section */
		5D791C26297449420086032A /* ShellScript */ = {
			isa = PBXShellScriptBuildPhase;
			buildActionMask = 2147483647;
			files = (
			);
			inputFileListPaths = (
			);
			inputPaths = (
			);
			outputFileListPaths = (
			);
			outputPaths = (
			);
			runOnlyForDeploymentPostprocessing = 0;
			shellPath = /bin/sh;
			shellScript = "if which swiftlint >/dev/null; then \n    swiftlint \nelse \n    echo \"warning: SwiftLint not installed, download from https://github.com/realm/SwiftLint\" \nfi\n";
		};
		5D791C2929744EB40086032A /* ShellScript */ = {
			isa = PBXShellScriptBuildPhase;
			alwaysOutOfDate = 1;
			buildActionMask = 2147483647;
			files = (
			);
			inputFileListPaths = (
			);
			inputPaths = (
			);
			outputFileListPaths = (
			);
			outputPaths = (
			);
			runOnlyForDeploymentPostprocessing = 0;
			shellPath = /bin/sh;
			shellScript = "if which swiftlint >/dev/null; then \n    swiftlint \nelse \n    echo \"warning: SwiftLint not installed, download from https://github.com/realm/SwiftLint\" \nfi\n";
		};
/* End PBXShellScriptBuildPhase section */

/* Begin PBXSourcesBuildPhase section */
		5D36FB61296D8D3E00D888CC /* Sources */ = {
			isa = PBXSourcesBuildPhase;
			buildActionMask = 2147483647;
			files = (
				5DDC3EAC29C1CFCD00EFE1CB /* AppDelegate.swift in Sources */,
				5DCCD4FE29D5910500575BB8 /* FeelJournalUITests.swift in Sources */,
				5D36FB68296D8D3E00D888CC /* FeelJournalTests.swift in Sources */,
			);
			runOnlyForDeploymentPostprocessing = 0;
		};
		5D47AB69290441E700B779A2 /* Sources */ = {
			isa = PBXSourcesBuildPhase;
			buildActionMask = 2147483647;
			files = (
				5DDC3EAB29C1CFCD00EFE1CB /* AppDelegate.swift in Sources */,
				5D9E526B29790DCD00335294 /* ResultExtension.swift in Sources */,
				5D47AB822904F0FD00B779A2 /* HomeView.swift in Sources */,
				5DED78E529F7DDA20076F8BF /* SceneDelegate.swift in Sources */,
				5D9E52782979460E00335294 /* AddJournalInteractor.swift in Sources */,
				5D9E526029790B9B00335294 /* LocaleDataSource.swift in Sources */,
				5DBAE4872AE0235D002AF3BF /* CommonTabView.swift in Sources */,
				5D47AB73290441E700B779A2 /* RootView.swift in Sources */,
				5DDA803729CF4C530049589A /* NotificationManager.swift in Sources */,
				5D9E52542979072200335294 /* Provider.swift in Sources */,
				5D9E526929790DA500335294 /* LocalizationExtension.swift in Sources */,
				5DF97270298D23D80007B336 /* NaturalLanguageProcessor.swift in Sources */,
				5D9E5273297937B000335294 /* ViewExtension.swift in Sources */,
				5DD18B2929BB38AF008E6FE5 /* DateExtension.swift in Sources */,
				5D9E525B2979087100335294 /* HomeInteractor.swift in Sources */,
				5D9E526729790D7300335294 /* CustomError.swift in Sources */,
				5DD18B2329B5F27C008E6FE5 /* EventPublisher.swift in Sources */,
				5D9E5271297919A600335294 /* ViewState.swift in Sources */,
				5DBAE4842AE01034002AF3BF /* TabState.swift in Sources */,
				5DE04DB429CDA28B008A79A8 /* JournalDetailPresenter.swift in Sources */,
				5DE04DB629CDA3FE008A79A8 /* JournalDetailInteractor.swift in Sources */,
				5D9E526E29790F1E00335294 /* JournalMapper.swift in Sources */,
				5D47AB71290441E700B779A2 /* FeelJournalApp.swift in Sources */,
				5D9E5250297904B500335294 /* ViewRouter.swift in Sources */,
				5D47AB842904F11100B779A2 /* HomePresenter.swift in Sources */,
				5D9E5276297937F100335294 /* HideKeyboardModifier.swift in Sources */,
				5D47AB8F2904F29600B779A2 /* AnalyticsView.swift in Sources */,
				5D47AB8B2904F26500B779A2 /* AddJournalPresenter.swift in Sources */,
				5DF9727229962AE60007B336 /* AnalyticsInteractor.swift in Sources */,
				5DD18B2729BB2428008E6FE5 /* CommonCard.swift in Sources */,
				5DDA803229CEEB120049589A /* OnboardingView.swift in Sources */,
				5D47AB892904F25800B779A2 /* AddJournalView.swift in Sources */,
				5DF3C0F229E6306C00DF6622 /* CommonFloatingButton.swift in Sources */,
				5DDA802D29CDCD020049589A /* LocalStorageManager.swift in Sources */,
				5DDA803B29CF4CFB0049589A /* DateHelper.swift in Sources */,
				5DAACB71292F906C009584B8 /* Router.swift in Sources */,
				5D7013C929A2202300C5E1B7 /* NavigationController.swift in Sources */,
				5DAACB74292F98AF009584B8 /* JournalDetailView.swift in Sources */,
				5D47AB912904F2A400B779A2 /* AnalyticsPresenter.swift in Sources */,
				5D9E525D29790B7000335294 /* FeelJournalRepository.swift in Sources */,
				5D9E524E2979049600335294 /* Path.swift in Sources */,
				5D9E526329790C1F00335294 /* JournalEntity.swift in Sources */,
				5DAACB6D292CD932009584B8 /* JournalModel.swift in Sources */,
				5DDA803529CEF0CE0049589A /* SettingsView.swift in Sources */,
			);
			runOnlyForDeploymentPostprocessing = 0;
		};
/* End PBXSourcesBuildPhase section */

/* Begin PBXTargetDependency section */
		5D36FB6A296D8D3E00D888CC /* PBXTargetDependency */ = {
			isa = PBXTargetDependency;
			target = 5D47AB6C290441E700B779A2 /* FeelJournal */;
			targetProxy = 5D36FB69296D8D3E00D888CC /* PBXContainerItemProxy */;
		};
/* End PBXTargetDependency section */

/* Begin XCBuildConfiguration section */
		5D36FB6B296D8D3E00D888CC /* Debug */ = {
			isa = XCBuildConfiguration;
			buildSettings = {
				BUNDLE_LOADER = "$(TEST_HOST)";
				CODE_SIGN_STYLE = Automatic;
				CURRENT_PROJECT_VERSION = 1;
				DEVELOPMENT_TEAM = 3USSPQR589;
				GENERATE_INFOPLIST_FILE = YES;
				IPHONEOS_DEPLOYMENT_TARGET = 16.0;
				MARKETING_VERSION = 1.0;
				PRODUCT_BUNDLE_IDENTIFIER = am.dx.kevinjonathan.FeelJournalTests;
				PRODUCT_NAME = "$(TARGET_NAME)";
				SUPPORTED_PLATFORMS = "iphoneos iphonesimulator";
				SUPPORTS_MACCATALYST = NO;
				SUPPORTS_MAC_DESIGNED_FOR_IPHONE_IPAD = YES;
				SWIFT_EMIT_LOC_STRINGS = NO;
				SWIFT_VERSION = 5.0;
				TARGETED_DEVICE_FAMILY = 1;
				TEST_HOST = "$(BUILT_PRODUCTS_DIR)/FeelJournal.app/$(BUNDLE_EXECUTABLE_FOLDER_PATH)/FeelJournal";
			};
			name = Debug;
		};
		5D36FB6C296D8D3E00D888CC /* Release */ = {
			isa = XCBuildConfiguration;
			buildSettings = {
				BUNDLE_LOADER = "$(TEST_HOST)";
				CODE_SIGN_STYLE = Automatic;
				CURRENT_PROJECT_VERSION = 1;
				DEVELOPMENT_TEAM = 3USSPQR589;
				GENERATE_INFOPLIST_FILE = YES;
				IPHONEOS_DEPLOYMENT_TARGET = 16.0;
				MARKETING_VERSION = 1.0;
				PRODUCT_BUNDLE_IDENTIFIER = am.dx.kevinjonathan.FeelJournalTests;
				PRODUCT_NAME = "$(TARGET_NAME)";
				SUPPORTED_PLATFORMS = "iphoneos iphonesimulator";
				SUPPORTS_MACCATALYST = NO;
				SUPPORTS_MAC_DESIGNED_FOR_IPHONE_IPAD = YES;
				SWIFT_EMIT_LOC_STRINGS = NO;
				SWIFT_VERSION = 5.0;
				TARGETED_DEVICE_FAMILY = 1;
				TEST_HOST = "$(BUILT_PRODUCTS_DIR)/FeelJournal.app/$(BUNDLE_EXECUTABLE_FOLDER_PATH)/FeelJournal";
			};
			name = Release;
		};
		5D47AB79290441EB00B779A2 /* Debug */ = {
			isa = XCBuildConfiguration;
			buildSettings = {
				ALWAYS_SEARCH_USER_PATHS = NO;
				CLANG_ANALYZER_NONNULL = YES;
				CLANG_ANALYZER_NUMBER_OBJECT_CONVERSION = YES_AGGRESSIVE;
				CLANG_CXX_LANGUAGE_STANDARD = "gnu++20";
				CLANG_ENABLE_MODULES = YES;
				CLANG_ENABLE_OBJC_ARC = YES;
				CLANG_ENABLE_OBJC_WEAK = YES;
				CLANG_WARN_BLOCK_CAPTURE_AUTORELEASING = YES;
				CLANG_WARN_BOOL_CONVERSION = YES;
				CLANG_WARN_COMMA = YES;
				CLANG_WARN_CONSTANT_CONVERSION = YES;
				CLANG_WARN_DEPRECATED_OBJC_IMPLEMENTATIONS = YES;
				CLANG_WARN_DIRECT_OBJC_ISA_USAGE = YES_ERROR;
				CLANG_WARN_DOCUMENTATION_COMMENTS = YES;
				CLANG_WARN_EMPTY_BODY = YES;
				CLANG_WARN_ENUM_CONVERSION = YES;
				CLANG_WARN_INFINITE_RECURSION = YES;
				CLANG_WARN_INT_CONVERSION = YES;
				CLANG_WARN_NON_LITERAL_NULL_CONVERSION = YES;
				CLANG_WARN_OBJC_IMPLICIT_RETAIN_SELF = YES;
				CLANG_WARN_OBJC_LITERAL_CONVERSION = YES;
				CLANG_WARN_OBJC_ROOT_CLASS = YES_ERROR;
				CLANG_WARN_QUOTED_INCLUDE_IN_FRAMEWORK_HEADER = YES;
				CLANG_WARN_RANGE_LOOP_ANALYSIS = YES;
				CLANG_WARN_STRICT_PROTOTYPES = YES;
				CLANG_WARN_SUSPICIOUS_MOVE = YES;
				CLANG_WARN_UNGUARDED_AVAILABILITY = YES_AGGRESSIVE;
				CLANG_WARN_UNREACHABLE_CODE = YES;
				CLANG_WARN__DUPLICATE_METHOD_MATCH = YES;
				COPY_PHASE_STRIP = NO;
				DEBUG_INFORMATION_FORMAT = "dwarf-with-dsym";
				ENABLE_STRICT_OBJC_MSGSEND = YES;
				ENABLE_TESTABILITY = YES;
				GCC_C_LANGUAGE_STANDARD = gnu11;
				GCC_DYNAMIC_NO_PIC = NO;
				GCC_NO_COMMON_BLOCKS = YES;
				GCC_OPTIMIZATION_LEVEL = 0;
				GCC_PREPROCESSOR_DEFINITIONS = (
					"DEBUG=1",
					"$(inherited)",
				);
				GCC_WARN_64_TO_32_BIT_CONVERSION = YES;
				GCC_WARN_ABOUT_RETURN_TYPE = YES_ERROR;
				GCC_WARN_UNDECLARED_SELECTOR = YES;
				GCC_WARN_UNINITIALIZED_AUTOS = YES_AGGRESSIVE;
				GCC_WARN_UNUSED_FUNCTION = YES;
				GCC_WARN_UNUSED_VARIABLE = YES;
				IPHONEOS_DEPLOYMENT_TARGET = 16.0;
				MTL_ENABLE_DEBUG_INFO = INCLUDE_SOURCE;
				MTL_FAST_MATH = YES;
				ONLY_ACTIVE_ARCH = YES;
				SDKROOT = iphoneos;
				SWIFT_ACTIVE_COMPILATION_CONDITIONS = DEBUG;
				SWIFT_OPTIMIZATION_LEVEL = "-Onone";
			};
			name = Debug;
		};
		5D47AB7A290441EB00B779A2 /* Release */ = {
			isa = XCBuildConfiguration;
			buildSettings = {
				ALWAYS_SEARCH_USER_PATHS = NO;
				CLANG_ANALYZER_NONNULL = YES;
				CLANG_ANALYZER_NUMBER_OBJECT_CONVERSION = YES_AGGRESSIVE;
				CLANG_CXX_LANGUAGE_STANDARD = "gnu++20";
				CLANG_ENABLE_MODULES = YES;
				CLANG_ENABLE_OBJC_ARC = YES;
				CLANG_ENABLE_OBJC_WEAK = YES;
				CLANG_WARN_BLOCK_CAPTURE_AUTORELEASING = YES;
				CLANG_WARN_BOOL_CONVERSION = YES;
				CLANG_WARN_COMMA = YES;
				CLANG_WARN_CONSTANT_CONVERSION = YES;
				CLANG_WARN_DEPRECATED_OBJC_IMPLEMENTATIONS = YES;
				CLANG_WARN_DIRECT_OBJC_ISA_USAGE = YES_ERROR;
				CLANG_WARN_DOCUMENTATION_COMMENTS = YES;
				CLANG_WARN_EMPTY_BODY = YES;
				CLANG_WARN_ENUM_CONVERSION = YES;
				CLANG_WARN_INFINITE_RECURSION = YES;
				CLANG_WARN_INT_CONVERSION = YES;
				CLANG_WARN_NON_LITERAL_NULL_CONVERSION = YES;
				CLANG_WARN_OBJC_IMPLICIT_RETAIN_SELF = YES;
				CLANG_WARN_OBJC_LITERAL_CONVERSION = YES;
				CLANG_WARN_OBJC_ROOT_CLASS = YES_ERROR;
				CLANG_WARN_QUOTED_INCLUDE_IN_FRAMEWORK_HEADER = YES;
				CLANG_WARN_RANGE_LOOP_ANALYSIS = YES;
				CLANG_WARN_STRICT_PROTOTYPES = YES;
				CLANG_WARN_SUSPICIOUS_MOVE = YES;
				CLANG_WARN_UNGUARDED_AVAILABILITY = YES_AGGRESSIVE;
				CLANG_WARN_UNREACHABLE_CODE = YES;
				CLANG_WARN__DUPLICATE_METHOD_MATCH = YES;
				COPY_PHASE_STRIP = NO;
				DEBUG_INFORMATION_FORMAT = "dwarf-with-dsym";
				ENABLE_NS_ASSERTIONS = NO;
				ENABLE_STRICT_OBJC_MSGSEND = YES;
				GCC_C_LANGUAGE_STANDARD = gnu11;
				GCC_NO_COMMON_BLOCKS = YES;
				GCC_WARN_64_TO_32_BIT_CONVERSION = YES;
				GCC_WARN_ABOUT_RETURN_TYPE = YES_ERROR;
				GCC_WARN_UNDECLARED_SELECTOR = YES;
				GCC_WARN_UNINITIALIZED_AUTOS = YES_AGGRESSIVE;
				GCC_WARN_UNUSED_FUNCTION = YES;
				GCC_WARN_UNUSED_VARIABLE = YES;
				IPHONEOS_DEPLOYMENT_TARGET = 16.0;
				MTL_ENABLE_DEBUG_INFO = NO;
				MTL_FAST_MATH = YES;
				SDKROOT = iphoneos;
				SWIFT_COMPILATION_MODE = wholemodule;
				SWIFT_OPTIMIZATION_LEVEL = "-O";
				VALIDATE_PRODUCT = YES;
			};
			name = Release;
		};
		5D47AB7C290441EB00B779A2 /* Debug */ = {
			isa = XCBuildConfiguration;
			buildSettings = {
				ASSETCATALOG_COMPILER_APPICON_NAME = AppIcon;
				ASSETCATALOG_COMPILER_GLOBAL_ACCENT_COLOR_NAME = AccentColor;
				CODE_SIGN_STYLE = Automatic;
				CURRENT_PROJECT_VERSION = 9;
				DEVELOPMENT_ASSET_PATHS = "\"FeelJournal/Preview Content\"";
				DEVELOPMENT_TEAM = 3USSPQR589;
				ENABLE_PREVIEWS = YES;
				GENERATE_INFOPLIST_FILE = YES;
				INFOPLIST_FILE = FeelJournal/Resource/Info.plist;
				INFOPLIST_KEY_CFBundleDisplayName = FeelJournal;
				INFOPLIST_KEY_LSApplicationCategoryType = "public.app-category.lifestyle";
				INFOPLIST_KEY_NSUserTrackingUsageDescription = "Your data will be used to provide a better user experience";
				INFOPLIST_KEY_UIApplicationSupportsIndirectInputEvents = YES;
				INFOPLIST_KEY_UILaunchScreen_Generation = YES;
				INFOPLIST_KEY_UILaunchStoryboardName = LaunchScreen.storyboard;
				INFOPLIST_KEY_UISupportedInterfaceOrientations = UIInterfaceOrientationPortrait;
				LD_RUNPATH_SEARCH_PATHS = (
					"$(inherited)",
					"@executable_path/Frameworks",
				);
				MARKETING_VERSION = 2.3;
				PRODUCT_BUNDLE_IDENTIFIER = am.dx.kevinjonathan.FeelJournal;
				PRODUCT_NAME = "$(TARGET_NAME)";
				SUPPORTED_PLATFORMS = "iphoneos iphonesimulator";
				SUPPORTS_MACCATALYST = NO;
				SUPPORTS_MAC_DESIGNED_FOR_IPHONE_IPAD = YES;
				SWIFT_EMIT_LOC_STRINGS = YES;
				SWIFT_VERSION = 5.0;
				TARGETED_DEVICE_FAMILY = 1;
			};
			name = Debug;
		};
		5D47AB7D290441EB00B779A2 /* Release */ = {
			isa = XCBuildConfiguration;
			buildSettings = {
				ASSETCATALOG_COMPILER_APPICON_NAME = AppIcon;
				ASSETCATALOG_COMPILER_GLOBAL_ACCENT_COLOR_NAME = AccentColor;
				CODE_SIGN_STYLE = Automatic;
				CURRENT_PROJECT_VERSION = 9;
				DEVELOPMENT_ASSET_PATHS = "\"FeelJournal/Preview Content\"";
				DEVELOPMENT_TEAM = 3USSPQR589;
				ENABLE_PREVIEWS = YES;
				GENERATE_INFOPLIST_FILE = YES;
				INFOPLIST_FILE = FeelJournal/Resource/Info.plist;
				INFOPLIST_KEY_CFBundleDisplayName = FeelJournal;
				INFOPLIST_KEY_LSApplicationCategoryType = "public.app-category.lifestyle";
				INFOPLIST_KEY_NSUserTrackingUsageDescription = "Your data will be used to provide a better user experience";
				INFOPLIST_KEY_UIApplicationSupportsIndirectInputEvents = YES;
				INFOPLIST_KEY_UILaunchScreen_Generation = YES;
				INFOPLIST_KEY_UILaunchStoryboardName = LaunchScreen.storyboard;
				INFOPLIST_KEY_UISupportedInterfaceOrientations = UIInterfaceOrientationPortrait;
				LD_RUNPATH_SEARCH_PATHS = (
					"$(inherited)",
					"@executable_path/Frameworks",
				);
				MARKETING_VERSION = 2.3;
				PRODUCT_BUNDLE_IDENTIFIER = am.dx.kevinjonathan.FeelJournal;
				PRODUCT_NAME = "$(TARGET_NAME)";
				SUPPORTED_PLATFORMS = "iphoneos iphonesimulator";
				SUPPORTS_MACCATALYST = NO;
				SUPPORTS_MAC_DESIGNED_FOR_IPHONE_IPAD = YES;
				SWIFT_EMIT_LOC_STRINGS = YES;
				SWIFT_VERSION = 5.0;
				TARGETED_DEVICE_FAMILY = 1;
			};
			name = Release;
		};
/* End XCBuildConfiguration section */

/* Begin XCConfigurationList section */
		5D36FB6D296D8D3E00D888CC /* Build configuration list for PBXNativeTarget "FeelJournalTests" */ = {
			isa = XCConfigurationList;
			buildConfigurations = (
				5D36FB6B296D8D3E00D888CC /* Debug */,
				5D36FB6C296D8D3E00D888CC /* Release */,
			);
			defaultConfigurationIsVisible = 0;
			defaultConfigurationName = Release;
		};
		5D47AB68290441E700B779A2 /* Build configuration list for PBXProject "FeelJournal" */ = {
			isa = XCConfigurationList;
			buildConfigurations = (
				5D47AB79290441EB00B779A2 /* Debug */,
				5D47AB7A290441EB00B779A2 /* Release */,
			);
			defaultConfigurationIsVisible = 0;
			defaultConfigurationName = Release;
		};
		5D47AB7B290441EB00B779A2 /* Build configuration list for PBXNativeTarget "FeelJournal" */ = {
			isa = XCConfigurationList;
			buildConfigurations = (
				5D47AB7C290441EB00B779A2 /* Debug */,
				5D47AB7D290441EB00B779A2 /* Release */,
			);
			defaultConfigurationIsVisible = 0;
			defaultConfigurationName = Release;
		};
/* End XCConfigurationList section */

/* Begin XCRemoteSwiftPackageReference section */
		5D9E5255297907EA00335294 /* XCRemoteSwiftPackageReference "realm-swift" */ = {
			isa = XCRemoteSwiftPackageReference;
			repositoryURL = "https://github.com/realm/realm-swift";
			requirement = {
				kind = upToNextMajorVersion;
				minimumVersion = 10.34.0;
			};
		};
/* End XCRemoteSwiftPackageReference section */

/* Begin XCSwiftPackageProductDependency section */
		5D9E5256297907EA00335294 /* Realm */ = {
			isa = XCSwiftPackageProductDependency;
			package = 5D9E5255297907EA00335294 /* XCRemoteSwiftPackageReference "realm-swift" */;
			productName = Realm;
		};
		5D9E5258297907EA00335294 /* RealmSwift */ = {
			isa = XCSwiftPackageProductDependency;
			package = 5D9E5255297907EA00335294 /* XCRemoteSwiftPackageReference "realm-swift" */;
			productName = RealmSwift;
		};
		5DDA804D29D05B880049589A /* Realm */ = {
			isa = XCSwiftPackageProductDependency;
			package = 5D9E5255297907EA00335294 /* XCRemoteSwiftPackageReference "realm-swift" */;
			productName = Realm;
		};
		5DDA804F29D05B8C0049589A /* RealmSwift */ = {
			isa = XCSwiftPackageProductDependency;
			package = 5D9E5255297907EA00335294 /* XCRemoteSwiftPackageReference "realm-swift" */;
			productName = RealmSwift;
		};
/* End XCSwiftPackageProductDependency section */
	};
	rootObject = 5D47AB65290441E700B779A2 /* Project object */;
}
